// !$*UTF8*$!
{
	archiveVersion = 1;
	classes = {
	};
	objectVersion = 55;
	objects = {

/* Begin PBXBuildFile section */
		6EA79A70284FDC8D00FBEFB9 /* AppDelegate.swift in Sources */ = {isa = PBXBuildFile; fileRef = 6EA79A6F284FDC8D00FBEFB9 /* AppDelegate.swift */; };
		6EA79A72284FDC8D00FBEFB9 /* SceneDelegate.swift in Sources */ = {isa = PBXBuildFile; fileRef = 6EA79A71284FDC8D00FBEFB9 /* SceneDelegate.swift */; };
		6EA79A74284FDC8D00FBEFB9 /* ViewController.swift in Sources */ = {isa = PBXBuildFile; fileRef = 6EA79A73284FDC8D00FBEFB9 /* ViewController.swift */; };
		6EA79A79284FDC8F00FBEFB9 /* Assets.xcassets in Resources */ = {isa = PBXBuildFile; fileRef = 6EA79A78284FDC8F00FBEFB9 /* Assets.xcassets */; };
		6EA79A7C284FDC8F00FBEFB9 /* LaunchScreen.storyboard in Resources */ = {isa = PBXBuildFile; fileRef = 6EA79A7A284FDC8F00FBEFB9 /* LaunchScreen.storyboard */; };
		6EA79A87284FDC8F00FBEFB9 /* TestShopAppTests.swift in Sources */ = {isa = PBXBuildFile; fileRef = 6EA79A86284FDC8F00FBEFB9 /* TestShopAppTests.swift */; };
		6EA79A91284FDC8F00FBEFB9 /* TestShopAppUITests.swift in Sources */ = {isa = PBXBuildFile; fileRef = 6EA79A90284FDC8F00FBEFB9 /* TestShopAppUITests.swift */; };
		6EA79A93284FDC8F00FBEFB9 /* TestShopAppUITestsLaunchTests.swift in Sources */ = {isa = PBXBuildFile; fileRef = 6EA79A92284FDC8F00FBEFB9 /* TestShopAppUITestsLaunchTests.swift */; };
/* End PBXBuildFile section */

/* Begin PBXContainerItemProxy section */
		6EA79A83284FDC8F00FBEFB9 /* PBXContainerItemProxy */ = {
			isa = PBXContainerItemProxy;
			containerPortal = 6EA79A64284FDC8D00FBEFB9 /* Project object */;
			proxyType = 1;
			remoteGlobalIDString = 6EA79A6B284FDC8D00FBEFB9;
			remoteInfo = TestShopApp;
		};
		6EA79A8D284FDC8F00FBEFB9 /* PBXContainerItemProxy */ = {
			isa = PBXContainerItemProxy;
			containerPortal = 6EA79A64284FDC8D00FBEFB9 /* Project object */;
			proxyType = 1;
			remoteGlobalIDString = 6EA79A6B284FDC8D00FBEFB9;
			remoteInfo = TestShopApp;
		};
/* End PBXContainerItemProxy section */

/* Begin PBXFileReference section */
		6EA79A6C284FDC8D00FBEFB9 /* TestShopApp.app */ = {isa = PBXFileReference; explicitFileType = wrapper.application; includeInIndex = 0; path = TestShopApp.app; sourceTree = BUILT_PRODUCTS_DIR; };
		6EA79A6F284FDC8D00FBEFB9 /* AppDelegate.swift */ = {isa = PBXFileReference; lastKnownFileType = sourcecode.swift; path = AppDelegate.swift; sourceTree = "<group>"; };
		6EA79A71284FDC8D00FBEFB9 /* SceneDelegate.swift */ = {isa = PBXFileReference; lastKnownFileType = sourcecode.swift; path = SceneDelegate.swift; sourceTree = "<group>"; };
		6EA79A73284FDC8D00FBEFB9 /* ViewController.swift */ = {isa = PBXFileReference; lastKnownFileType = sourcecode.swift; path = ViewController.swift; sourceTree = "<group>"; };
		6EA79A78284FDC8F00FBEFB9 /* Assets.xcassets */ = {isa = PBXFileReference; lastKnownFileType = folder.assetcatalog; path = Assets.xcassets; sourceTree = "<group>"; };
		6EA79A7B284FDC8F00FBEFB9 /* Base */ = {isa = PBXFileReference; lastKnownFileType = file.storyboard; name = Base; path = Base.lproj/LaunchScreen.storyboard; sourceTree = "<group>"; };
		6EA79A7D284FDC8F00FBEFB9 /* Info.plist */ = {isa = PBXFileReference; lastKnownFileType = text.plist.xml; path = Info.plist; sourceTree = "<group>"; };
		6EA79A82284FDC8F00FBEFB9 /* TestShopAppTests.xctest */ = {isa = PBXFileReference; explicitFileType = wrapper.cfbundle; includeInIndex = 0; path = TestShopAppTests.xctest; sourceTree = BUILT_PRODUCTS_DIR; };
		6EA79A86284FDC8F00FBEFB9 /* TestShopAppTests.swift */ = {isa = PBXFileReference; lastKnownFileType = sourcecode.swift; path = TestShopAppTests.swift; sourceTree = "<group>"; };
		6EA79A8C284FDC8F00FBEFB9 /* TestShopAppUITests.xctest */ = {isa = PBXFileReference; explicitFileType = wrapper.cfbundle; includeInIndex = 0; path = TestShopAppUITests.xctest; sourceTree = BUILT_PRODUCTS_DIR; };
		6EA79A90284FDC8F00FBEFB9 /* TestShopAppUITests.swift */ = {isa = PBXFileReference; lastKnownFileType = sourcecode.swift; path = TestShopAppUITests.swift; sourceTree = "<group>"; };
		6EA79A92284FDC8F00FBEFB9 /* TestShopAppUITestsLaunchTests.swift */ = {isa = PBXFileReference; lastKnownFileType = sourcecode.swift; path = TestShopAppUITestsLaunchTests.swift; sourceTree = "<group>"; };
/* End PBXFileReference section */

/* Begin PBXFrameworksBuildPhase section */
		6EA79A69284FDC8D00FBEFB9 /* Frameworks */ = {
			isa = PBXFrameworksBuildPhase;
			buildActionMask = 2147483647;
			files = (
			);
			runOnlyForDeploymentPostprocessing = 0;
		};
		6EA79A7F284FDC8F00FBEFB9 /* Frameworks */ = {
			isa = PBXFrameworksBuildPhase;
			buildActionMask = 2147483647;
			files = (
			);
			runOnlyForDeploymentPostprocessing = 0;
		};
		6EA79A89284FDC8F00FBEFB9 /* Frameworks */ = {
			isa = PBXFrameworksBuildPhase;
			buildActionMask = 2147483647;
			files = (
			);
			runOnlyForDeploymentPostprocessing = 0;
		};
/* End PBXFrameworksBuildPhase section */

/* Begin PBXGroup section */
		6EA79A63284FDC8D00FBEFB9 = {
			isa = PBXGroup;
			children = (
				6EA79A6E284FDC8D00FBEFB9 /* TestShopApp */,
				6EA79A85284FDC8F00FBEFB9 /* TestShopAppTests */,
				6EA79A8F284FDC8F00FBEFB9 /* TestShopAppUITests */,
				6EA79A6D284FDC8D00FBEFB9 /* Products */,
			);
			sourceTree = "<group>";
		};
		6EA79A6D284FDC8D00FBEFB9 /* Products */ = {
			isa = PBXGroup;
			children = (
				6EA79A6C284FDC8D00FBEFB9 /* TestShopApp.app */,
				6EA79A82284FDC8F00FBEFB9 /* TestShopAppTests.xctest */,
				6EA79A8C284FDC8F00FBEFB9 /* TestShopAppUITests.xctest */,
			);
			name = Products;
			sourceTree = "<group>";
		};
		6EA79A6E284FDC8D00FBEFB9 /* TestShopApp */ = {
			isa = PBXGroup;
			children = (
				6EA79A6F284FDC8D00FBEFB9 /* AppDelegate.swift */,
				6EA79A71284FDC8D00FBEFB9 /* SceneDelegate.swift */,
				6EA79A73284FDC8D00FBEFB9 /* ViewController.swift */,
				6EA79A78284FDC8F00FBEFB9 /* Assets.xcassets */,
				6EA79A7A284FDC8F00FBEFB9 /* LaunchScreen.storyboard */,
				6EA79A7D284FDC8F00FBEFB9 /* Info.plist */,
			);
			path = TestShopApp;
			sourceTree = "<group>";
		};
		6EA79A85284FDC8F00FBEFB9 /* TestShopAppTests */ = {
			isa = PBXGroup;
			children = (
				6EA79A86284FDC8F00FBEFB9 /* TestShopAppTests.swift */,
			);
			path = TestShopAppTests;
			sourceTree = "<group>";
		};
		6EA79A8F284FDC8F00FBEFB9 /* TestShopAppUITests */ = {
			isa = PBXGroup;
			children = (
				6EA79A90284FDC8F00FBEFB9 /* TestShopAppUITests.swift */,
				6EA79A92284FDC8F00FBEFB9 /* TestShopAppUITestsLaunchTests.swift */,
			);
			path = TestShopAppUITests;
			sourceTree = "<group>";
		};
/* End PBXGroup section */

/* Begin PBXNativeTarget section */
		6EA79A6B284FDC8D00FBEFB9 /* TestShopApp */ = {
			isa = PBXNativeTarget;
			buildConfigurationList = 6EA79A96284FDC8F00FBEFB9 /* Build configuration list for PBXNativeTarget "TestShopApp" */;
			buildPhases = (
				6EA79A68284FDC8D00FBEFB9 /* Sources */,
				6EA79A69284FDC8D00FBEFB9 /* Frameworks */,
				6EA79A6A284FDC8D00FBEFB9 /* Resources */,
			);
			buildRules = (
			);
			dependencies = (
			);
			name = TestShopApp;
			productName = TestShopApp;
			productReference = 6EA79A6C284FDC8D00FBEFB9 /* TestShopApp.app */;
			productType = "com.apple.product-type.application";
		};
		6EA79A81284FDC8F00FBEFB9 /* TestShopAppTests */ = {
			isa = PBXNativeTarget;
			buildConfigurationList = 6EA79A99284FDC8F00FBEFB9 /* Build configuration list for PBXNativeTarget "TestShopAppTests" */;
			buildPhases = (
				6EA79A7E284FDC8F00FBEFB9 /* Sources */,
				6EA79A7F284FDC8F00FBEFB9 /* Frameworks */,
				6EA79A80284FDC8F00FBEFB9 /* Resources */,
			);
			buildRules = (
			);
			dependencies = (
				6EA79A84284FDC8F00FBEFB9 /* PBXTargetDependency */,
			);
			name = TestShopAppTests;
			productName = TestShopAppTests;
			productReference = 6EA79A82284FDC8F00FBEFB9 /* TestShopAppTests.xctest */;
			productType = "com.apple.product-type.bundle.unit-test";
		};
		6EA79A8B284FDC8F00FBEFB9 /* TestShopAppUITests */ = {
			isa = PBXNativeTarget;
			buildConfigurationList = 6EA79A9C284FDC8F00FBEFB9 /* Build configuration list for PBXNativeTarget "TestShopAppUITests" */;
			buildPhases = (
				6EA79A88284FDC8F00FBEFB9 /* Sources */,
				6EA79A89284FDC8F00FBEFB9 /* Frameworks */,
				6EA79A8A284FDC8F00FBEFB9 /* Resources */,
			);
			buildRules = (
			);
			dependencies = (
				6EA79A8E284FDC8F00FBEFB9 /* PBXTargetDependency */,
			);
			name = TestShopAppUITests;
			productName = TestShopAppUITests;
			productReference = 6EA79A8C284FDC8F00FBEFB9 /* TestShopAppUITests.xctest */;
			productType = "com.apple.product-type.bundle.ui-testing";
		};
/* End PBXNativeTarget section */

/* Begin PBXProject section */
		6EA79A64284FDC8D00FBEFB9 /* Project object */ = {
			isa = PBXProject;
			attributes = {
				BuildIndependentTargetsInParallel = 1;
				LastSwiftUpdateCheck = 1340;
				LastUpgradeCheck = 1340;
				TargetAttributes = {
					6EA79A6B284FDC8D00FBEFB9 = {
						CreatedOnToolsVersion = 13.4.1;
					};
					6EA79A81284FDC8F00FBEFB9 = {
						CreatedOnToolsVersion = 13.4.1;
						TestTargetID = 6EA79A6B284FDC8D00FBEFB9;
					};
					6EA79A8B284FDC8F00FBEFB9 = {
						CreatedOnToolsVersion = 13.4.1;
						TestTargetID = 6EA79A6B284FDC8D00FBEFB9;
					};
				};
			};
			buildConfigurationList = 6EA79A67284FDC8D00FBEFB9 /* Build configuration list for PBXProject "TestShopApp" */;
			compatibilityVersion = "Xcode 13.0";
			developmentRegion = en;
			hasScannedForEncodings = 0;
			knownRegions = (
				en,
				Base,
			);
			mainGroup = 6EA79A63284FDC8D00FBEFB9;
			productRefGroup = 6EA79A6D284FDC8D00FBEFB9 /* Products */;
			projectDirPath = "";
			projectRoot = "";
			targets = (
				6EA79A6B284FDC8D00FBEFB9 /* TestShopApp */,
				6EA79A81284FDC8F00FBEFB9 /* TestShopAppTests */,
				6EA79A8B284FDC8F00FBEFB9 /* TestShopAppUITests */,
			);
		};
/* End PBXProject section */

/* Begin PBXResourcesBuildPhase section */
		6EA79A6A284FDC8D00FBEFB9 /* Resources */ = {
			isa = PBXResourcesBuildPhase;
			buildActionMask = 2147483647;
			files = (
				6EA79A7C284FDC8F00FBEFB9 /* LaunchScreen.storyboard in Resources */,
				6EA79A79284FDC8F00FBEFB9 /* Assets.xcassets in Resources */,
			);
			runOnlyForDeploymentPostprocessing = 0;
		};
		6EA79A80284FDC8F00FBEFB9 /* Resources */ = {
			isa = PBXResourcesBuildPhase;
			buildActionMask = 2147483647;
			files = (
			);
			runOnlyForDeploymentPostprocessing = 0;
		};
		6EA79A8A284FDC8F00FBEFB9 /* Resources */ = {
			isa = PBXResourcesBuildPhase;
			buildActionMask = 2147483647;
			files = (
			);
			runOnlyForDeploymentPostprocessing = 0;
		};
/* End PBXResourcesBuildPhase section */

/* Begin PBXSourcesBuildPhase section */
		6EA79A68284FDC8D00FBEFB9 /* Sources */ = {
			isa = PBXSourcesBuildPhase;
			buildActionMask = 2147483647;
			files = (
				6EA79A74284FDC8D00FBEFB9 /* ViewController.swift in Sources */,
				6EA79A70284FDC8D00FBEFB9 /* AppDelegate.swift in Sources */,
				6EA79A72284FDC8D00FBEFB9 /* SceneDelegate.swift in Sources */,
			);
			runOnlyForDeploymentPostprocessing = 0;
		};
		6EA79A7E284FDC8F00FBEFB9 /* Sources */ = {
			isa = PBXSourcesBuildPhase;
			buildActionMask = 2147483647;
			files = (
				6EA79A87284FDC8F00FBEFB9 /* TestShopAppTests.swift in Sources */,
			);
			runOnlyForDeploymentPostprocessing = 0;
		};
		6EA79A88284FDC8F00FBEFB9 /* Sources */ = {
			isa = PBXSourcesBuildPhase;
			buildActionMask = 2147483647;
			files = (
				6EA79A93284FDC8F00FBEFB9 /* TestShopAppUITestsLaunchTests.swift in Sources */,
				6EA79A91284FDC8F00FBEFB9 /* TestShopAppUITests.swift in Sources */,
			);
			runOnlyForDeploymentPostprocessing = 0;
		};
/* End PBXSourcesBuildPhase section */

/* Begin PBXTargetDependency section */
		6EA79A84284FDC8F00FBEFB9 /* PBXTargetDependency */ = {
			isa = PBXTargetDependency;
			target = 6EA79A6B284FDC8D00FBEFB9 /* TestShopApp */;
			targetProxy = 6EA79A83284FDC8F00FBEFB9 /* PBXContainerItemProxy */;
		};
		6EA79A8E284FDC8F00FBEFB9 /* PBXTargetDependency */ = {
			isa = PBXTargetDependency;
			target = 6EA79A6B284FDC8D00FBEFB9 /* TestShopApp */;
			targetProxy = 6EA79A8D284FDC8F00FBEFB9 /* PBXContainerItemProxy */;
		};
/* End PBXTargetDependency section */

/* Begin PBXVariantGroup section */
		6EA79A7A284FDC8F00FBEFB9 /* LaunchScreen.storyboard */ = {
			isa = PBXVariantGroup;
			children = (
				6EA79A7B284FDC8F00FBEFB9 /* Base */,
			);
			name = LaunchScreen.storyboard;
			sourceTree = "<group>";
		};
/* End PBXVariantGroup section */

/* Begin XCBuildConfiguration section */
		6EA79A94284FDC8F00FBEFB9 /* Debug */ = {
			isa = XCBuildConfiguration;
			buildSettings = {
				ALWAYS_SEARCH_USER_PATHS = NO;
				CLANG_ANALYZER_NONNULL = YES;
				CLANG_ANALYZER_NUMBER_OBJECT_CONVERSION = YES_AGGRESSIVE;
				CLANG_CXX_LANGUAGE_STANDARD = "gnu++17";
				CLANG_ENABLE_MODULES = YES;
				CLANG_ENABLE_OBJC_ARC = YES;
				CLANG_ENABLE_OBJC_WEAK = YES;
				CLANG_WARN_BLOCK_CAPTURE_AUTORELEASING = YES;
				CLANG_WARN_BOOL_CONVERSION = YES;
				CLANG_WARN_COMMA = YES;
				CLANG_WARN_CONSTANT_CONVERSION = YES;
				CLANG_WARN_DEPRECATED_OBJC_IMPLEMENTATIONS = YES;
				CLANG_WARN_DIRECT_OBJC_ISA_USAGE = YES_ERROR;
				CLANG_WARN_DOCUMENTATION_COMMENTS = YES;
				CLANG_WARN_EMPTY_BODY = YES;
				CLANG_WARN_ENUM_CONVERSION = YES;
				CLANG_WARN_INFINITE_RECURSION = YES;
				CLANG_WARN_INT_CONVERSION = YES;
				CLANG_WARN_NON_LITERAL_NULL_CONVERSION = YES;
				CLANG_WARN_OBJC_IMPLICIT_RETAIN_SELF = YES;
				CLANG_WARN_OBJC_LITERAL_CONVERSION = YES;
				CLANG_WARN_OBJC_ROOT_CLASS = YES_ERROR;
				CLANG_WARN_QUOTED_INCLUDE_IN_FRAMEWORK_HEADER = YES;
				CLANG_WARN_RANGE_LOOP_ANALYSIS = YES;
				CLANG_WARN_STRICT_PROTOTYPES = YES;
				CLANG_WARN_SUSPICIOUS_MOVE = YES;
				CLANG_WARN_UNGUARDED_AVAILABILITY = YES_AGGRESSIVE;
				CLANG_WARN_UNREACHABLE_CODE = YES;
				CLANG_WARN__DUPLICATE_METHOD_MATCH = YES;
				COPY_PHASE_STRIP = NO;
				DEBUG_INFORMATION_FORMAT = dwarf;
				ENABLE_STRICT_OBJC_MSGSEND = YES;
				ENABLE_TESTABILITY = YES;
				GCC_C_LANGUAGE_STANDARD = gnu11;
				GCC_DYNAMIC_NO_PIC = NO;
				GCC_NO_COMMON_BLOCKS = YES;
				GCC_OPTIMIZATION_LEVEL = 0;
				GCC_PREPROCESSOR_DEFINITIONS = (
					"DEBUG=1",
					"$(inherited)",
				);
				GCC_WARN_64_TO_32_BIT_CONVERSION = YES;
				GCC_WARN_ABOUT_RETURN_TYPE = YES_ERROR;
				GCC_WARN_UNDECLARED_SELECTOR = YES;
				GCC_WARN_UNINITIALIZED_AUTOS = YES_AGGRESSIVE;
				GCC_WARN_UNUSED_FUNCTION = YES;
				GCC_WARN_UNUSED_VARIABLE = YES;
				IPHONEOS_DEPLOYMENT_TARGET = 15.5;
				MTL_ENABLE_DEBUG_INFO = INCLUDE_SOURCE;
				MTL_FAST_MATH = YES;
				ONLY_ACTIVE_ARCH = YES;
				SDKROOT = iphoneos;
				SWIFT_ACTIVE_COMPILATION_CONDITIONS = DEBUG;
				SWIFT_OPTIMIZATION_LEVEL = "-Onone";
			};
			name = Debug;
		};
		6EA79A95284FDC8F00FBEFB9 /* Release */ = {
			isa = XCBuildConfiguration;
			buildSettings = {
				ALWAYS_SEARCH_USER_PATHS = NO;
				CLANG_ANALYZER_NONNULL = YES;
				CLANG_ANALYZER_NUMBER_OBJECT_CONVERSION = YES_AGGRESSIVE;
				CLANG_CXX_LANGUAGE_STANDARD = "gnu++17";
				CLANG_ENABLE_MODULES = YES;
				CLANG_ENABLE_OBJC_ARC = YES;
				CLANG_ENABLE_OBJC_WEAK = YES;
				CLANG_WARN_BLOCK_CAPTURE_AUTORELEASING = YES;
				CLANG_WARN_BOOL_CONVERSION = YES;
				CLANG_WARN_COMMA = YES;
				CLANG_WARN_CONSTANT_CONVERSION = YES;
				CLANG_WARN_DEPRECATED_OBJC_IMPLEMENTATIONS = YES;
				CLANG_WARN_DIRECT_OBJC_ISA_USAGE = YES_ERROR;
				CLANG_WARN_DOCUMENTATION_COMMENTS = YES;
				CLANG_WARN_EMPTY_BODY = YES;
				CLANG_WARN_ENUM_CONVERSION = YES;
				CLANG_WARN_INFINITE_RECURSION = YES;
				CLANG_WARN_INT_CONVERSION = YES;
				CLANG_WARN_NON_LITERAL_NULL_CONVERSION = YES;
				CLANG_WARN_OBJC_IMPLICIT_RETAIN_SELF = YES;
				CLANG_WARN_OBJC_LITERAL_CONVERSION = YES;
				CLANG_WARN_OBJC_ROOT_CLASS = YES_ERROR;
				CLANG_WARN_QUOTED_INCLUDE_IN_FRAMEWORK_HEADER = YES;
				CLANG_WARN_RANGE_LOOP_ANALYSIS = YES;
				CLANG_WARN_STRICT_PROTOTYPES = YES;
				CLANG_WARN_SUSPICIOUS_MOVE = YES;
				CLANG_WARN_UNGUARDED_AVAILABILITY = YES_AGGRESSIVE;
				CLANG_WARN_UNREACHABLE_CODE = YES;
				CLANG_WARN__DUPLICATE_METHOD_MATCH = YES;
				COPY_PHASE_STRIP = NO;
				DEBUG_INFORMATION_FORMAT = "dwarf-with-dsym";
				ENABLE_NS_ASSERTIONS = NO;
				ENABLE_STRICT_OBJC_MSGSEND = YES;
				GCC_C_LANGUAGE_STANDARD = gnu11;
				GCC_NO_COMMON_BLOCKS = YES;
				GCC_WARN_64_TO_32_BIT_CONVERSION = YES;
				GCC_WARN_ABOUT_RETURN_TYPE = YES_ERROR;
				GCC_WARN_UNDECLARED_SELECTOR = YES;
				GCC_WARN_UNINITIALIZED_AUTOS = YES_AGGRESSIVE;
				GCC_WARN_UNUSED_FUNCTION = YES;
				GCC_WARN_UNUSED_VARIABLE = YES;
				IPHONEOS_DEPLOYMENT_TARGET = 15.5;
				MTL_ENABLE_DEBUG_INFO = NO;
				MTL_FAST_MATH = YES;
				SDKROOT = iphoneos;
				SWIFT_COMPILATION_MODE = wholemodule;
				SWIFT_OPTIMIZATION_LEVEL = "-O";
				VALIDATE_PRODUCT = YES;
			};
			name = Release;
		};
		6EA79A97284FDC8F00FBEFB9 /* Debug */ = {
			isa = XCBuildConfiguration;
			buildSettings = {
				ASSETCATALOG_COMPILER_APPICON_NAME = AppIcon;
				ASSETCATALOG_COMPILER_GLOBAL_ACCENT_COLOR_NAME = AccentColor;
				CODE_SIGN_STYLE = Automatic;
				CURRENT_PROJECT_VERSION = 1;
				DEVELOPMENT_TEAM = 7BMH97S98D;
				GENERATE_INFOPLIST_FILE = YES;
				INFOPLIST_FILE = TestShopApp/Info.plist;
				INFOPLIST_KEY_UIApplicationSupportsIndirectInputEvents = YES;
				INFOPLIST_KEY_UILaunchStoryboardName = LaunchScreen;
				INFOPLIST_KEY_UISupportedInterfaceOrientations_iPad = "UIInterfaceOrientationPortrait UIInterfaceOrientationPortraitUpsideDown UIInterfaceOrientationLandscapeLeft UIInterfaceOrientationLandscapeRight";
				INFOPLIST_KEY_UISupportedInterfaceOrientations_iPhone = "UIInterfaceOrientationPortrait UIInterfaceOrientationLandscapeLeft UIInterfaceOrientationLandscapeRight";
				LD_RUNPATH_SEARCH_PATHS = (
					"$(inherited)",
					"@executable_path/Frameworks",
				);
				MARKETING_VERSION = 1.0;
				PRODUCT_BUNDLE_IDENTIFIER = app.TestShopApp;
				PRODUCT_NAME = "$(TARGET_NAME)";
				SWIFT_EMIT_LOC_STRINGS = YES;
				SWIFT_VERSION = 5.0;
				TARGETED_DEVICE_FAMILY = "1,2";
			};
			name = Debug;
		};
		6EA79A98284FDC8F00FBEFB9 /* Release */ = {
			isa = XCBuildConfiguration;
			buildSettings = {
				ASSETCATALOG_COMPILER_APPICON_NAME = AppIcon;
				ASSETCATALOG_COMPILER_GLOBAL_ACCENT_COLOR_NAME = AccentColor;
				CODE_SIGN_STYLE = Automatic;
				CURRENT_PROJECT_VERSION = 1;
				DEVELOPMENT_TEAM = 7BMH97S98D;
				GENERATE_INFOPLIST_FILE = YES;
				INFOPLIST_FILE = TestShopApp/Info.plist;
				INFOPLIST_KEY_UIApplicationSupportsIndirectInputEvents = YES;
				INFOPLIST_KEY_UILaunchStoryboardName = LaunchScreen;
				INFOPLIST_KEY_UISupportedInterfaceOrientations_iPad = "UIInterfaceOrientationPortrait UIInterfaceOrientationPortraitUpsideDown UIInterfaceOrientationLandscapeLeft UIInterfaceOrientationLandscapeRight";
				INFOPLIST_KEY_UISupportedInterfaceOrientations_iPhone = "UIInterfaceOrientationPortrait UIInterfaceOrientationLandscapeLeft UIInterfaceOrientationLandscapeRight";
				LD_RUNPATH_SEARCH_PATHS = (
					"$(inherited)",
					"@executable_path/Frameworks",
				);
				MARKETING_VERSION = 1.0;
				PRODUCT_BUNDLE_IDENTIFIER = app.TestShopApp;
				PRODUCT_NAME = "$(TARGET_NAME)";
				SWIFT_EMIT_LOC_STRINGS = YES;
				SWIFT_VERSION = 5.0;
				TARGETED_DEVICE_FAMILY = "1,2";
			};
			name = Release;
		};
		6EA79A9A284FDC8F00FBEFB9 /* Debug */ = {
			isa = XCBuildConfiguration;
			buildSettings = {
				ALWAYS_EMBED_SWIFT_STANDARD_LIBRARIES = YES;
				BUNDLE_LOADER = "$(TEST_HOST)";
				CODE_SIGN_STYLE = Automatic;
				CURRENT_PROJECT_VERSION = 1;
				DEVELOPMENT_TEAM = 7BMH97S98D;
				GENERATE_INFOPLIST_FILE = YES;
				IPHONEOS_DEPLOYMENT_TARGET = 15.5;
				MARKETING_VERSION = 1.0;
				PRODUCT_BUNDLE_IDENTIFIER = app.TestShopAppTests;
				PRODUCT_NAME = "$(TARGET_NAME)";
				SWIFT_EMIT_LOC_STRINGS = NO;
				SWIFT_VERSION = 5.0;
				TARGETED_DEVICE_FAMILY = "1,2";
				TEST_HOST = "$(BUILT_PRODUCTS_DIR)/TestShopApp.app/TestShopApp";
			};
			name = Debug;
		};
		6EA79A9B284FDC8F00FBEFB9 /* Release */ = {
			isa = XCBuildConfiguration;
			buildSettings = {
				ALWAYS_EMBED_SWIFT_STANDARD_LIBRARIES = YES;
				BUNDLE_LOADER = "$(TEST_HOST)";
				CODE_SIGN_STYLE = Automatic;
				CURRENT_PROJECT_VERSION = 1;
				DEVELOPMENT_TEAM = 7BMH97S98D;
				GENERATE_INFOPLIST_FILE = YES;
				IPHONEOS_DEPLOYMENT_TARGET = 15.5;
				MARKETING_VERSION = 1.0;
				PRODUCT_BUNDLE_IDENTIFIER = app.TestShopAppTests;
				PRODUCT_NAME = "$(TARGET_NAME)";
				SWIFT_EMIT_LOC_STRINGS = NO;
				SWIFT_VERSION = 5.0;
				TARGETED_DEVICE_FAMILY = "1,2";
				TEST_HOST = "$(BUILT_PRODUCTS_DIR)/TestShopApp.app/TestShopApp";
			};
			name = Release;
		};
		6EA79A9D284FDC8F00FBEFB9 /* Debug */ = {
			isa = XCBuildConfiguration;
			buildSettings = {
				ALWAYS_EMBED_SWIFT_STANDARD_LIBRARIES = YES;
				CODE_SIGN_STYLE = Automatic;
				CURRENT_PROJECT_VERSION = 1;
				DEVELOPMENT_TEAM = 7BMH97S98D;
				GENERATE_INFOPLIST_FILE = YES;
				MARKETING_VERSION = 1.0;
				PRODUCT_BUNDLE_IDENTIFIER = app.TestShopAppUITests;
				PRODUCT_NAME = "$(TARGET_NAME)";
				SWIFT_EMIT_LOC_STRINGS = NO;
				SWIFT_VERSION = 5.0;
				TARGETED_DEVICE_FAMILY = "1,2";
				TEST_TARGET_NAME = TestShopApp;
			};
			name = Debug;
		};
		6EA79A9E284FDC8F00FBEFB9 /* Release */ = {
			isa = XCBuildConfiguration;
			buildSettings = {
				ALWAYS_EMBED_SWIFT_STANDARD_LIBRARIES = YES;
				CODE_SIGN_STYLE = Automatic;
				CURRENT_PROJECT_VERSION = 1;
				DEVELOPMENT_TEAM = 7BMH97S98D;
				GENERATE_INFOPLIST_FILE = YES;
				MARKETING_VERSION = 1.0;
				PRODUCT_BUNDLE_IDENTIFIER = app.TestShopAppUITests;
				PRODUCT_NAME = "$(TARGET_NAME)";
				SWIFT_EMIT_LOC_STRINGS = NO;
				SWIFT_VERSION = 5.0;
				TARGETED_DEVICE_FAMILY = "1,2";
				TEST_TARGET_NAME = TestShopApp;
			};
			name = Release;
		};
/* End XCBuildConfiguration section */

/* Begin XCConfigurationList section */
		6EA79A67284FDC8D00FBEFB9 /* Build configuration list for PBXProject "TestShopApp" */ = {
			isa = XCConfigurationList;
			buildConfigurations = (
				6EA79A94284FDC8F00FBEFB9 /* Debug */,
				6EA79A95284FDC8F00FBEFB9 /* Release */,
			);
			defaultConfigurationIsVisible = 0;
			defaultConfigurationName = Release;
		};
		6EA79A96284FDC8F00FBEFB9 /* Build configuration list for PBXNativeTarget "TestShopApp" */ = {
			isa = XCConfigurationList;
			buildConfigurations = (
				6EA79A97284FDC8F00FBEFB9 /* Debug */,
				6EA79A98284FDC8F00FBEFB9 /* Release */,
			);
			defaultConfigurationIsVisible = 0;
			defaultConfigurationName = Release;
		};
		6EA79A99284FDC8F00FBEFB9 /* Build configuration list for PBXNativeTarget "TestShopAppTests" */ = {
			isa = XCConfigurationList;
			buildConfigurations = (
				6EA79A9A284FDC8F00FBEFB9 /* Debug */,
				6EA79A9B284FDC8F00FBEFB9 /* Release */,
			);
			defaultConfigurationIsVisible = 0;
			defaultConfigurationName = Release;
		};
		6EA79A9C284FDC8F00FBEFB9 /* Build configuration list for PBXNativeTarget "TestShopAppUITests" */ = {
			isa = XCConfigurationList;
			buildConfigurations = (
				6EA79A9D284FDC8F00FBEFB9 /* Debug */,
				6EA79A9E284FDC8F00FBEFB9 /* Release */,
			);
			defaultConfigurationIsVisible = 0;
			defaultConfigurationName = Release;
		};
/* End XCConfigurationList section */
	};
	rootObject = 6EA79A64284FDC8D00FBEFB9 /* Project object */;
}
