// !$*UTF8*$!
{
	archiveVersion = 1;
	classes = {
	};
	objectVersion = 55;
	objects = {

/* Begin PBXBuildFile section */
		6E0414C72854D90100CD62FE /* Alamofire in Frameworks */ = {isa = PBXBuildFile; productRef = 6E0414C62854D90100CD62FE /* Alamofire */; };
		6E0414CB2854DC9700CD62FE /* LoginView.swift in Sources */ = {isa = PBXBuildFile; fileRef = 6E0414CA2854DC9700CD62FE /* LoginView.swift */; };
		6E0414D32854EDD400CD62FE /* AuthPresenter.swift in Sources */ = {isa = PBXBuildFile; fileRef = 6E0414CD2854EDD400CD62FE /* AuthPresenter.swift */; };
		6E0414D52854EDD400CD62FE /* AuthProtocols.swift in Sources */ = {isa = PBXBuildFile; fileRef = 6E0414CF2854EDD400CD62FE /* AuthProtocols.swift */; };
		6E0414D62854EDD400CD62FE /* AuthAssembly.swift in Sources */ = {isa = PBXBuildFile; fileRef = 6E0414D02854EDD400CD62FE /* AuthAssembly.swift */; };
		6E0414D72854EDD400CD62FE /* AuthInteractor.swift in Sources */ = {isa = PBXBuildFile; fileRef = 6E0414D12854EDD400CD62FE /* AuthInteractor.swift */; };
		6E0414D92854EF2200CD62FE /* DI.swift in Sources */ = {isa = PBXBuildFile; fileRef = 6E0414D82854EF2200CD62FE /* DI.swift */; };
		6E0414DD2854F20400CD62FE /* AuthRouter.swift in Sources */ = {isa = PBXBuildFile; fileRef = 6E0414DC2854F20400CD62FE /* AuthRouter.swift */; };
		6E0414E32854FA9F00CD62FE /* AsyncOperation.swift in Sources */ = {isa = PBXBuildFile; fileRef = 6E0414E22854FA9F00CD62FE /* AsyncOperation.swift */; };
		6E0414E52854FADC00CD62FE /* LoginRequestOperation.swift in Sources */ = {isa = PBXBuildFile; fileRef = 6E0414E42854FADC00CD62FE /* LoginRequestOperation.swift */; };
		6E0414E72854FC7800CD62FE /* LoginParseOperation.swift in Sources */ = {isa = PBXBuildFile; fileRef = 6E0414E62854FC7800CD62FE /* LoginParseOperation.swift */; };
		6E0414E92854FCE000CD62FE /* LoginResult.swift in Sources */ = {isa = PBXBuildFile; fileRef = 6E0414E82854FCE000CD62FE /* LoginResult.swift */; };
		6E0414EC2854FFDF00CD62FE /* AuthDataOperation.swift in Sources */ = {isa = PBXBuildFile; fileRef = 6E0414EB2854FFDF00CD62FE /* AuthDataOperation.swift */; };
		6E0414F02855FAC900CD62FE /* RegisterRequest.swift in Sources */ = {isa = PBXBuildFile; fileRef = 6E0414EF2855FAC900CD62FE /* RegisterRequest.swift */; };
		6E0414F22855FB8900CD62FE /* RegisterView.swift in Sources */ = {isa = PBXBuildFile; fileRef = 6E0414F12855FB8900CD62FE /* RegisterView.swift */; };
		6E0414F5285617AE00CD62FE /* RegisterRequestOperation.swift in Sources */ = {isa = PBXBuildFile; fileRef = 6E0414F4285617AE00CD62FE /* RegisterRequestOperation.swift */; };
		6E0414F72856180C00CD62FE /* RegisterParseOperation.swift in Sources */ = {isa = PBXBuildFile; fileRef = 6E0414F62856180C00CD62FE /* RegisterParseOperation.swift */; };
		6EA79A70284FDC8D00FBEFB9 /* AppDelegate.swift in Sources */ = {isa = PBXBuildFile; fileRef = 6EA79A6F284FDC8D00FBEFB9 /* AppDelegate.swift */; };
		6EA79A72284FDC8D00FBEFB9 /* SceneDelegate.swift in Sources */ = {isa = PBXBuildFile; fileRef = 6EA79A71284FDC8D00FBEFB9 /* SceneDelegate.swift */; };
		6EA79A74284FDC8D00FBEFB9 /* AuthViewController.swift in Sources */ = {isa = PBXBuildFile; fileRef = 6EA79A73284FDC8D00FBEFB9 /* AuthViewController.swift */; };
		6EA79A79284FDC8F00FBEFB9 /* Assets.xcassets in Resources */ = {isa = PBXBuildFile; fileRef = 6EA79A78284FDC8F00FBEFB9 /* Assets.xcassets */; };
		6EA79A7C284FDC8F00FBEFB9 /* LaunchScreen.storyboard in Resources */ = {isa = PBXBuildFile; fileRef = 6EA79A7A284FDC8F00FBEFB9 /* LaunchScreen.storyboard */; };
		6EA79A87284FDC8F00FBEFB9 /* TestShopAppTests.swift in Sources */ = {isa = PBXBuildFile; fileRef = 6EA79A86284FDC8F00FBEFB9 /* TestShopAppTests.swift */; };
		6EA79A91284FDC8F00FBEFB9 /* TestShopAppUITests.swift in Sources */ = {isa = PBXBuildFile; fileRef = 6EA79A90284FDC8F00FBEFB9 /* TestShopAppUITests.swift */; };
		6EA79A93284FDC8F00FBEFB9 /* TestShopAppUITestsLaunchTests.swift in Sources */ = {isa = PBXBuildFile; fileRef = 6EA79A92284FDC8F00FBEFB9 /* TestShopAppUITestsLaunchTests.swift */; };
/* End PBXBuildFile section */

/* Begin PBXContainerItemProxy section */
		6EA79A83284FDC8F00FBEFB9 /* PBXContainerItemProxy */ = {
			isa = PBXContainerItemProxy;
			containerPortal = 6EA79A64284FDC8D00FBEFB9 /* Project object */;
			proxyType = 1;
			remoteGlobalIDString = 6EA79A6B284FDC8D00FBEFB9;
			remoteInfo = TestShopApp;
		};
		6EA79A8D284FDC8F00FBEFB9 /* PBXContainerItemProxy */ = {
			isa = PBXContainerItemProxy;
			containerPortal = 6EA79A64284FDC8D00FBEFB9 /* Project object */;
			proxyType = 1;
			remoteGlobalIDString = 6EA79A6B284FDC8D00FBEFB9;
			remoteInfo = TestShopApp;
		};
/* End PBXContainerItemProxy section */

/* Begin PBXFileReference section */
		6E0414CA2854DC9700CD62FE /* LoginView.swift */ = {isa = PBXFileReference; lastKnownFileType = sourcecode.swift; path = LoginView.swift; sourceTree = "<group>"; };
		6E0414CD2854EDD400CD62FE /* AuthPresenter.swift */ = {isa = PBXFileReference; lastKnownFileType = sourcecode.swift; path = AuthPresenter.swift; sourceTree = "<group>"; };
		6E0414CF2854EDD400CD62FE /* AuthProtocols.swift */ = {isa = PBXFileReference; lastKnownFileType = sourcecode.swift; path = AuthProtocols.swift; sourceTree = "<group>"; };
		6E0414D02854EDD400CD62FE /* AuthAssembly.swift */ = {isa = PBXFileReference; lastKnownFileType = sourcecode.swift; path = AuthAssembly.swift; sourceTree = "<group>"; };
		6E0414D12854EDD400CD62FE /* AuthInteractor.swift */ = {isa = PBXFileReference; lastKnownFileType = sourcecode.swift; path = AuthInteractor.swift; sourceTree = "<group>"; };
		6E0414D82854EF2200CD62FE /* DI.swift */ = {isa = PBXFileReference; lastKnownFileType = sourcecode.swift; path = DI.swift; sourceTree = "<group>"; };
		6E0414DC2854F20400CD62FE /* AuthRouter.swift */ = {isa = PBXFileReference; lastKnownFileType = sourcecode.swift; path = AuthRouter.swift; sourceTree = "<group>"; };
		6E0414E22854FA9F00CD62FE /* AsyncOperation.swift */ = {isa = PBXFileReference; lastKnownFileType = sourcecode.swift; path = AsyncOperation.swift; sourceTree = "<group>"; };
		6E0414E42854FADC00CD62FE /* LoginRequestOperation.swift */ = {isa = PBXFileReference; lastKnownFileType = sourcecode.swift; path = LoginRequestOperation.swift; sourceTree = "<group>"; };
		6E0414E62854FC7800CD62FE /* LoginParseOperation.swift */ = {isa = PBXFileReference; lastKnownFileType = sourcecode.swift; path = LoginParseOperation.swift; sourceTree = "<group>"; };
		6E0414E82854FCE000CD62FE /* LoginResult.swift */ = {isa = PBXFileReference; lastKnownFileType = sourcecode.swift; path = LoginResult.swift; sourceTree = "<group>"; };
		6E0414EB2854FFDF00CD62FE /* AuthDataOperation.swift */ = {isa = PBXFileReference; lastKnownFileType = sourcecode.swift; path = AuthDataOperation.swift; sourceTree = "<group>"; };
		6E0414EF2855FAC900CD62FE /* RegisterRequest.swift */ = {isa = PBXFileReference; lastKnownFileType = sourcecode.swift; path = RegisterRequest.swift; sourceTree = "<group>"; };
		6E0414F12855FB8900CD62FE /* RegisterView.swift */ = {isa = PBXFileReference; lastKnownFileType = sourcecode.swift; path = RegisterView.swift; sourceTree = "<group>"; };
		6E0414F4285617AE00CD62FE /* RegisterRequestOperation.swift */ = {isa = PBXFileReference; lastKnownFileType = sourcecode.swift; path = RegisterRequestOperation.swift; sourceTree = "<group>"; };
		6E0414F62856180C00CD62FE /* RegisterParseOperation.swift */ = {isa = PBXFileReference; lastKnownFileType = sourcecode.swift; path = RegisterParseOperation.swift; sourceTree = "<group>"; };
		6EA79A6C284FDC8D00FBEFB9 /* TestShopApp.app */ = {isa = PBXFileReference; explicitFileType = wrapper.application; includeInIndex = 0; path = TestShopApp.app; sourceTree = BUILT_PRODUCTS_DIR; };
		6EA79A6F284FDC8D00FBEFB9 /* AppDelegate.swift */ = {isa = PBXFileReference; lastKnownFileType = sourcecode.swift; path = AppDelegate.swift; sourceTree = "<group>"; };
		6EA79A71284FDC8D00FBEFB9 /* SceneDelegate.swift */ = {isa = PBXFileReference; lastKnownFileType = sourcecode.swift; path = SceneDelegate.swift; sourceTree = "<group>"; };
		6EA79A73284FDC8D00FBEFB9 /* AuthViewController.swift */ = {isa = PBXFileReference; lastKnownFileType = sourcecode.swift; path = AuthViewController.swift; sourceTree = "<group>"; };
		6EA79A78284FDC8F00FBEFB9 /* Assets.xcassets */ = {isa = PBXFileReference; lastKnownFileType = folder.assetcatalog; path = Assets.xcassets; sourceTree = "<group>"; };
		6EA79A7B284FDC8F00FBEFB9 /* Base */ = {isa = PBXFileReference; lastKnownFileType = file.storyboard; name = Base; path = Base.lproj/LaunchScreen.storyboard; sourceTree = "<group>"; };
		6EA79A7D284FDC8F00FBEFB9 /* Info.plist */ = {isa = PBXFileReference; lastKnownFileType = text.plist.xml; path = Info.plist; sourceTree = "<group>"; };
		6EA79A82284FDC8F00FBEFB9 /* TestShopAppTests.xctest */ = {isa = PBXFileReference; explicitFileType = wrapper.cfbundle; includeInIndex = 0; path = TestShopAppTests.xctest; sourceTree = BUILT_PRODUCTS_DIR; };
		6EA79A86284FDC8F00FBEFB9 /* TestShopAppTests.swift */ = {isa = PBXFileReference; lastKnownFileType = sourcecode.swift; path = TestShopAppTests.swift; sourceTree = "<group>"; };
		6EA79A8C284FDC8F00FBEFB9 /* TestShopAppUITests.xctest */ = {isa = PBXFileReference; explicitFileType = wrapper.cfbundle; includeInIndex = 0; path = TestShopAppUITests.xctest; sourceTree = BUILT_PRODUCTS_DIR; };
		6EA79A90284FDC8F00FBEFB9 /* TestShopAppUITests.swift */ = {isa = PBXFileReference; lastKnownFileType = sourcecode.swift; path = TestShopAppUITests.swift; sourceTree = "<group>"; };
		6EA79A92284FDC8F00FBEFB9 /* TestShopAppUITestsLaunchTests.swift */ = {isa = PBXFileReference; lastKnownFileType = sourcecode.swift; path = TestShopAppUITestsLaunchTests.swift; sourceTree = "<group>"; };
/* End PBXFileReference section */

/* Begin PBXFrameworksBuildPhase section */
		6EA79A69284FDC8D00FBEFB9 /* Frameworks */ = {
			isa = PBXFrameworksBuildPhase;
			buildActionMask = 2147483647;
			files = (
				6E0414C72854D90100CD62FE /* Alamofire in Frameworks */,
			);
			runOnlyForDeploymentPostprocessing = 0;
		};
		6EA79A7F284FDC8F00FBEFB9 /* Frameworks */ = {
			isa = PBXFrameworksBuildPhase;
			buildActionMask = 2147483647;
			files = (
			);
			runOnlyForDeploymentPostprocessing = 0;
		};
		6EA79A89284FDC8F00FBEFB9 /* Frameworks */ = {
			isa = PBXFrameworksBuildPhase;
			buildActionMask = 2147483647;
			files = (
			);
			runOnlyForDeploymentPostprocessing = 0;
		};
/* End PBXFrameworksBuildPhase section */

/* Begin PBXGroup section */
		6E0414C82854DB9A00CD62FE /* Auth */ = {
			isa = PBXGroup;
			children = (
				6E0414C92854DC7E00CD62FE /* Views */,
				6EA79A73284FDC8D00FBEFB9 /* AuthViewController.swift */,
				6E0414CD2854EDD400CD62FE /* AuthPresenter.swift */,
				6E0414CF2854EDD400CD62FE /* AuthProtocols.swift */,
				6E0414D02854EDD400CD62FE /* AuthAssembly.swift */,
				6E0414D12854EDD400CD62FE /* AuthInteractor.swift */,
			);
			path = Auth;
			sourceTree = "<group>";
		};
		6E0414C92854DC7E00CD62FE /* Views */ = {
			isa = PBXGroup;
			children = (
				6E0414CA2854DC9700CD62FE /* LoginView.swift */,
				6E0414F12855FB8900CD62FE /* RegisterView.swift */,
			);
			path = Views;
			sourceTree = "<group>";
		};
		6E0414DA2854F1EC00CD62FE /* Network */ = {
			isa = PBXGroup;
			children = (
				6E0414DE2854FA5000CD62FE /* Operations */,
				6E0414DB2854F1F500CD62FE /* Routers */,
			);
			path = Network;
			sourceTree = "<group>";
		};
		6E0414DB2854F1F500CD62FE /* Routers */ = {
			isa = PBXGroup;
			children = (
				6E0414DC2854F20400CD62FE /* AuthRouter.swift */,
			);
			path = Routers;
			sourceTree = "<group>";
		};
		6E0414DE2854FA5000CD62FE /* Operations */ = {
			isa = PBXGroup;
			children = (
				6E0414DF2854FA6700CD62FE /* AuthOperation */,
			);
			path = Operations;
			sourceTree = "<group>";
		};
		6E0414DF2854FA6700CD62FE /* AuthOperation */ = {
			isa = PBXGroup;
			children = (
				6E0414F32856179400CD62FE /* Register */,
				6E0414EA2854FFCB00CD62FE /* Login */,
				6E0414EB2854FFDF00CD62FE /* AuthDataOperation.swift */,
			);
			path = AuthOperation;
			sourceTree = "<group>";
		};
		6E0414E12854FA8A00CD62FE /* Network */ = {
			isa = PBXGroup;
			children = (
				6E0414E22854FA9F00CD62FE /* AsyncOperation.swift */,
			);
			path = Network;
			sourceTree = "<group>";
		};
		6E0414EA2854FFCB00CD62FE /* Login */ = {
			isa = PBXGroup;
			children = (
				6E0414E42854FADC00CD62FE /* LoginRequestOperation.swift */,
				6E0414E62854FC7800CD62FE /* LoginParseOperation.swift */,
			);
			path = Login;
			sourceTree = "<group>";
		};
		6E0414ED2855FAA300CD62FE /* RequestModel */ = {
			isa = PBXGroup;
			children = (
				6E0414EF2855FAC900CD62FE /* RegisterRequest.swift */,
			);
			path = RequestModel;
			sourceTree = "<group>";
		};
		6E0414EE2855FAAD00CD62FE /* ResponseModel */ = {
			isa = PBXGroup;
			children = (
				6E0414E82854FCE000CD62FE /* LoginResult.swift */,
			);
			path = ResponseModel;
			sourceTree = "<group>";
		};
		6E0414F32856179400CD62FE /* Register */ = {
			isa = PBXGroup;
			children = (
				6E0414F4285617AE00CD62FE /* RegisterRequestOperation.swift */,
				6E0414F62856180C00CD62FE /* RegisterParseOperation.swift */,
			);
			path = Register;
			sourceTree = "<group>";
		};
		6EA79A63284FDC8D00FBEFB9 = {
			isa = PBXGroup;
			children = (
				6EA79A6E284FDC8D00FBEFB9 /* TestShopApp */,
				6EA79A85284FDC8F00FBEFB9 /* TestShopAppTests */,
				6EA79A8F284FDC8F00FBEFB9 /* TestShopAppUITests */,
				6EA79A6D284FDC8D00FBEFB9 /* Products */,
			);
			sourceTree = "<group>";
		};
		6EA79A6D284FDC8D00FBEFB9 /* Products */ = {
			isa = PBXGroup;
			children = (
				6EA79A6C284FDC8D00FBEFB9 /* TestShopApp.app */,
				6EA79A82284FDC8F00FBEFB9 /* TestShopAppTests.xctest */,
				6EA79A8C284FDC8F00FBEFB9 /* TestShopAppUITests.xctest */,
			);
			name = Products;
			sourceTree = "<group>";
		};
		6EA79A6E284FDC8D00FBEFB9 /* TestShopApp */ = {
			isa = PBXGroup;
			children = (
				6EA79AA2284FE2AC00FBEFB9 /* Core */,
				6EA79AA3284FE2BE00FBEFB9 /* App */,
				6EA79AA4284FE2C900FBEFB9 /* Resources */,
			);
			path = TestShopApp;
			sourceTree = "<group>";
		};
		6EA79A85284FDC8F00FBEFB9 /* TestShopAppTests */ = {
			isa = PBXGroup;
			children = (
				6EA79A86284FDC8F00FBEFB9 /* TestShopAppTests.swift */,
			);
			path = TestShopAppTests;
			sourceTree = "<group>";
		};
		6EA79A8F284FDC8F00FBEFB9 /* TestShopAppUITests */ = {
			isa = PBXGroup;
			children = (
				6EA79A90284FDC8F00FBEFB9 /* TestShopAppUITests.swift */,
				6EA79A92284FDC8F00FBEFB9 /* TestShopAppUITestsLaunchTests.swift */,
			);
			path = TestShopAppUITests;
			sourceTree = "<group>";
		};
		6EA79A9F284FE25C00FBEFB9 /* BusinessLogic */ = {
			isa = PBXGroup;
			children = (
				6E0414DA2854F1EC00CD62FE /* Network */,
			);
			path = BusinessLogic;
			sourceTree = "<group>";
		};
		6EA79AA0284FE27000FBEFB9 /* Entity */ = {
			isa = PBXGroup;
			children = (
				6E0414EE2855FAAD00CD62FE /* ResponseModel */,
				6E0414ED2855FAA300CD62FE /* RequestModel */,
			);
			path = Entity;
			sourceTree = "<group>";
		};
		6EA79AA1284FE28500FBEFB9 /* Assembly */ = {
			isa = PBXGroup;
			children = (
				6E0414D82854EF2200CD62FE /* DI.swift */,
			);
			path = Assembly;
			sourceTree = "<group>";
		};
		6EA79AA2284FE2AC00FBEFB9 /* Core */ = {
			isa = PBXGroup;
			children = (
				6E0414E12854FA8A00CD62FE /* Network */,
			);
			path = Core;
			sourceTree = "<group>";
		};
		6EA79AA3284FE2BE00FBEFB9 /* App */ = {
			isa = PBXGroup;
			children = (
				6EA79A6F284FDC8D00FBEFB9 /* AppDelegate.swift */,
				6EA79A71284FDC8D00FBEFB9 /* SceneDelegate.swift */,
				6EA79AA5284FE36200FBEFB9 /* Flows */,
				6EA79AA1284FE28500FBEFB9 /* Assembly */,
				6EA79AA0284FE27000FBEFB9 /* Entity */,
				6EA79A9F284FE25C00FBEFB9 /* BusinessLogic */,
			);
			path = App;
			sourceTree = "<group>";
		};
		6EA79AA4284FE2C900FBEFB9 /* Resources */ = {
			isa = PBXGroup;
			children = (
				6EA79A7D284FDC8F00FBEFB9 /* Info.plist */,
				6EA79A7A284FDC8F00FBEFB9 /* LaunchScreen.storyboard */,
				6EA79A78284FDC8F00FBEFB9 /* Assets.xcassets */,
			);
			path = Resources;
			sourceTree = "<group>";
		};
		6EA79AA5284FE36200FBEFB9 /* Flows */ = {
			isa = PBXGroup;
			children = (
				6E0414C82854DB9A00CD62FE /* Auth */,
			);
			path = Flows;
			sourceTree = "<group>";
		};
/* End PBXGroup section */

/* Begin PBXNativeTarget section */
		6EA79A6B284FDC8D00FBEFB9 /* TestShopApp */ = {
			isa = PBXNativeTarget;
			buildConfigurationList = 6EA79A96284FDC8F00FBEFB9 /* Build configuration list for PBXNativeTarget "TestShopApp" */;
			buildPhases = (
				6EA79A68284FDC8D00FBEFB9 /* Sources */,
				6EA79A69284FDC8D00FBEFB9 /* Frameworks */,
				6EA79A6A284FDC8D00FBEFB9 /* Resources */,
			);
			buildRules = (
			);
			dependencies = (
			);
			name = TestShopApp;
			packageProductDependencies = (
				6E0414C62854D90100CD62FE /* Alamofire */,
			);
			productName = TestShopApp;
			productReference = 6EA79A6C284FDC8D00FBEFB9 /* TestShopApp.app */;
			productType = "com.apple.product-type.application";
		};
		6EA79A81284FDC8F00FBEFB9 /* TestShopAppTests */ = {
			isa = PBXNativeTarget;
			buildConfigurationList = 6EA79A99284FDC8F00FBEFB9 /* Build configuration list for PBXNativeTarget "TestShopAppTests" */;
			buildPhases = (
				6EA79A7E284FDC8F00FBEFB9 /* Sources */,
				6EA79A7F284FDC8F00FBEFB9 /* Frameworks */,
				6EA79A80284FDC8F00FBEFB9 /* Resources */,
			);
			buildRules = (
			);
			dependencies = (
				6EA79A84284FDC8F00FBEFB9 /* PBXTargetDependency */,
			);
			name = TestShopAppTests;
			productName = TestShopAppTests;
			productReference = 6EA79A82284FDC8F00FBEFB9 /* TestShopAppTests.xctest */;
			productType = "com.apple.product-type.bundle.unit-test";
		};
		6EA79A8B284FDC8F00FBEFB9 /* TestShopAppUITests */ = {
			isa = PBXNativeTarget;
			buildConfigurationList = 6EA79A9C284FDC8F00FBEFB9 /* Build configuration list for PBXNativeTarget "TestShopAppUITests" */;
			buildPhases = (
				6EA79A88284FDC8F00FBEFB9 /* Sources */,
				6EA79A89284FDC8F00FBEFB9 /* Frameworks */,
				6EA79A8A284FDC8F00FBEFB9 /* Resources */,
			);
			buildRules = (
			);
			dependencies = (
				6EA79A8E284FDC8F00FBEFB9 /* PBXTargetDependency */,
			);
			name = TestShopAppUITests;
			productName = TestShopAppUITests;
			productReference = 6EA79A8C284FDC8F00FBEFB9 /* TestShopAppUITests.xctest */;
			productType = "com.apple.product-type.bundle.ui-testing";
		};
/* End PBXNativeTarget section */

/* Begin PBXProject section */
		6EA79A64284FDC8D00FBEFB9 /* Project object */ = {
			isa = PBXProject;
			attributes = {
				BuildIndependentTargetsInParallel = 1;
				LastSwiftUpdateCheck = 1340;
				LastUpgradeCheck = 1340;
				TargetAttributes = {
					6EA79A6B284FDC8D00FBEFB9 = {
						CreatedOnToolsVersion = 13.4.1;
					};
					6EA79A81284FDC8F00FBEFB9 = {
						CreatedOnToolsVersion = 13.4.1;
						TestTargetID = 6EA79A6B284FDC8D00FBEFB9;
					};
					6EA79A8B284FDC8F00FBEFB9 = {
						CreatedOnToolsVersion = 13.4.1;
						TestTargetID = 6EA79A6B284FDC8D00FBEFB9;
					};
				};
			};
			buildConfigurationList = 6EA79A67284FDC8D00FBEFB9 /* Build configuration list for PBXProject "TestShopApp" */;
			compatibilityVersion = "Xcode 13.0";
			developmentRegion = en;
			hasScannedForEncodings = 0;
			knownRegions = (
				en,
				Base,
			);
			mainGroup = 6EA79A63284FDC8D00FBEFB9;
			packageReferences = (
				6E0414C52854D90100CD62FE /* XCRemoteSwiftPackageReference "Alamofire" */,
			);
			productRefGroup = 6EA79A6D284FDC8D00FBEFB9 /* Products */;
			projectDirPath = "";
			projectRoot = "";
			targets = (
				6EA79A6B284FDC8D00FBEFB9 /* TestShopApp */,
				6EA79A81284FDC8F00FBEFB9 /* TestShopAppTests */,
				6EA79A8B284FDC8F00FBEFB9 /* TestShopAppUITests */,
			);
		};
/* End PBXProject section */

/* Begin PBXResourcesBuildPhase section */
		6EA79A6A284FDC8D00FBEFB9 /* Resources */ = {
			isa = PBXResourcesBuildPhase;
			buildActionMask = 2147483647;
			files = (
				6EA79A7C284FDC8F00FBEFB9 /* LaunchScreen.storyboard in Resources */,
				6EA79A79284FDC8F00FBEFB9 /* Assets.xcassets in Resources */,
			);
			runOnlyForDeploymentPostprocessing = 0;
		};
		6EA79A80284FDC8F00FBEFB9 /* Resources */ = {
			isa = PBXResourcesBuildPhase;
			buildActionMask = 2147483647;
			files = (
			);
			runOnlyForDeploymentPostprocessing = 0;
		};
		6EA79A8A284FDC8F00FBEFB9 /* Resources */ = {
			isa = PBXResourcesBuildPhase;
			buildActionMask = 2147483647;
			files = (
			);
			runOnlyForDeploymentPostprocessing = 0;
		};
/* End PBXResourcesBuildPhase section */

/* Begin PBXSourcesBuildPhase section */
		6EA79A68284FDC8D00FBEFB9 /* Sources */ = {
			isa = PBXSourcesBuildPhase;
			buildActionMask = 2147483647;
			files = (
				6E0414E72854FC7800CD62FE /* LoginParseOperation.swift in Sources */,
				6E0414D32854EDD400CD62FE /* AuthPresenter.swift in Sources */,
				6E0414E32854FA9F00CD62FE /* AsyncOperation.swift in Sources */,
				6EA79A74284FDC8D00FBEFB9 /* AuthViewController.swift in Sources */,
				6E0414DD2854F20400CD62FE /* AuthRouter.swift in Sources */,
				6E0414D92854EF2200CD62FE /* DI.swift in Sources */,
				6EA79A70284FDC8D00FBEFB9 /* AppDelegate.swift in Sources */,
				6E0414CB2854DC9700CD62FE /* LoginView.swift in Sources */,
				6E0414F22855FB8900CD62FE /* RegisterView.swift in Sources */,
				6E0414EC2854FFDF00CD62FE /* AuthDataOperation.swift in Sources */,
				6E0414E92854FCE000CD62FE /* LoginResult.swift in Sources */,
				6E0414D72854EDD400CD62FE /* AuthInteractor.swift in Sources */,
				6E0414D52854EDD400CD62FE /* AuthProtocols.swift in Sources */,
				6E0414E52854FADC00CD62FE /* LoginRequestOperation.swift in Sources */,
				6EA79A72284FDC8D00FBEFB9 /* SceneDelegate.swift in Sources */,
				6E0414F02855FAC900CD62FE /* RegisterRequest.swift in Sources */,
				6E0414F5285617AE00CD62FE /* RegisterRequestOperation.swift in Sources */,
				6E0414D62854EDD400CD62FE /* AuthAssembly.swift in Sources */,
				6E0414F72856180C00CD62FE /* RegisterParseOperation.swift in Sources */,
			);
			runOnlyForDeploymentPostprocessing = 0;
		};
		6EA79A7E284FDC8F00FBEFB9 /* Sources */ = {
			isa = PBXSourcesBuildPhase;
			buildActionMask = 2147483647;
			files = (
				6EA79A87284FDC8F00FBEFB9 /* TestShopAppTests.swift in Sources */,
			);
			runOnlyForDeploymentPostprocessing = 0;
		};
		6EA79A88284FDC8F00FBEFB9 /* Sources */ = {
			isa = PBXSourcesBuildPhase;
			buildActionMask = 2147483647;
			files = (
				6EA79A93284FDC8F00FBEFB9 /* TestShopAppUITestsLaunchTests.swift in Sources */,
				6EA79A91284FDC8F00FBEFB9 /* TestShopAppUITests.swift in Sources */,
			);
			runOnlyForDeploymentPostprocessing = 0;
		};
/* End PBXSourcesBuildPhase section */

/* Begin PBXTargetDependency section */
		6EA79A84284FDC8F00FBEFB9 /* PBXTargetDependency */ = {
			isa = PBXTargetDependency;
			target = 6EA79A6B284FDC8D00FBEFB9 /* TestShopApp */;
			targetProxy = 6EA79A83284FDC8F00FBEFB9 /* PBXContainerItemProxy */;
		};
		6EA79A8E284FDC8F00FBEFB9 /* PBXTargetDependency */ = {
			isa = PBXTargetDependency;
			target = 6EA79A6B284FDC8D00FBEFB9 /* TestShopApp */;
			targetProxy = 6EA79A8D284FDC8F00FBEFB9 /* PBXContainerItemProxy */;
		};
/* End PBXTargetDependency section */

/* Begin PBXVariantGroup section */
		6EA79A7A284FDC8F00FBEFB9 /* LaunchScreen.storyboard */ = {
			isa = PBXVariantGroup;
			children = (
				6EA79A7B284FDC8F00FBEFB9 /* Base */,
			);
			name = LaunchScreen.storyboard;
			sourceTree = "<group>";
		};
/* End PBXVariantGroup section */

/* Begin XCBuildConfiguration section */
		6EA79A94284FDC8F00FBEFB9 /* Debug */ = {
			isa = XCBuildConfiguration;
			buildSettings = {
				ALWAYS_SEARCH_USER_PATHS = NO;
				CLANG_ANALYZER_NONNULL = YES;
				CLANG_ANALYZER_NUMBER_OBJECT_CONVERSION = YES_AGGRESSIVE;
				CLANG_CXX_LANGUAGE_STANDARD = "gnu++17";
				CLANG_ENABLE_MODULES = YES;
				CLANG_ENABLE_OBJC_ARC = YES;
				CLANG_ENABLE_OBJC_WEAK = YES;
				CLANG_WARN_BLOCK_CAPTURE_AUTORELEASING = YES;
				CLANG_WARN_BOOL_CONVERSION = YES;
				CLANG_WARN_COMMA = YES;
				CLANG_WARN_CONSTANT_CONVERSION = YES;
				CLANG_WARN_DEPRECATED_OBJC_IMPLEMENTATIONS = YES;
				CLANG_WARN_DIRECT_OBJC_ISA_USAGE = YES_ERROR;
				CLANG_WARN_DOCUMENTATION_COMMENTS = YES;
				CLANG_WARN_EMPTY_BODY = YES;
				CLANG_WARN_ENUM_CONVERSION = YES;
				CLANG_WARN_INFINITE_RECURSION = YES;
				CLANG_WARN_INT_CONVERSION = YES;
				CLANG_WARN_NON_LITERAL_NULL_CONVERSION = YES;
				CLANG_WARN_OBJC_IMPLICIT_RETAIN_SELF = YES;
				CLANG_WARN_OBJC_LITERAL_CONVERSION = YES;
				CLANG_WARN_OBJC_ROOT_CLASS = YES_ERROR;
				CLANG_WARN_QUOTED_INCLUDE_IN_FRAMEWORK_HEADER = YES;
				CLANG_WARN_RANGE_LOOP_ANALYSIS = YES;
				CLANG_WARN_STRICT_PROTOTYPES = YES;
				CLANG_WARN_SUSPICIOUS_MOVE = YES;
				CLANG_WARN_UNGUARDED_AVAILABILITY = YES_AGGRESSIVE;
				CLANG_WARN_UNREACHABLE_CODE = YES;
				CLANG_WARN__DUPLICATE_METHOD_MATCH = YES;
				COPY_PHASE_STRIP = NO;
				DEBUG_INFORMATION_FORMAT = dwarf;
				ENABLE_STRICT_OBJC_MSGSEND = YES;
				ENABLE_TESTABILITY = YES;
				GCC_C_LANGUAGE_STANDARD = gnu11;
				GCC_DYNAMIC_NO_PIC = NO;
				GCC_NO_COMMON_BLOCKS = YES;
				GCC_OPTIMIZATION_LEVEL = 0;
				GCC_PREPROCESSOR_DEFINITIONS = (
					"DEBUG=1",
					"$(inherited)",
				);
				GCC_WARN_64_TO_32_BIT_CONVERSION = YES;
				GCC_WARN_ABOUT_RETURN_TYPE = YES_ERROR;
				GCC_WARN_UNDECLARED_SELECTOR = YES;
				GCC_WARN_UNINITIALIZED_AUTOS = YES_AGGRESSIVE;
				GCC_WARN_UNUSED_FUNCTION = YES;
				GCC_WARN_UNUSED_VARIABLE = YES;
				IPHONEOS_DEPLOYMENT_TARGET = 15.5;
				MTL_ENABLE_DEBUG_INFO = INCLUDE_SOURCE;
				MTL_FAST_MATH = YES;
				ONLY_ACTIVE_ARCH = YES;
				SDKROOT = iphoneos;
				SWIFT_ACTIVE_COMPILATION_CONDITIONS = DEBUG;
				SWIFT_OPTIMIZATION_LEVEL = "-Onone";
			};
			name = Debug;
		};
		6EA79A95284FDC8F00FBEFB9 /* Release */ = {
			isa = XCBuildConfiguration;
			buildSettings = {
				ALWAYS_SEARCH_USER_PATHS = NO;
				CLANG_ANALYZER_NONNULL = YES;
				CLANG_ANALYZER_NUMBER_OBJECT_CONVERSION = YES_AGGRESSIVE;
				CLANG_CXX_LANGUAGE_STANDARD = "gnu++17";
				CLANG_ENABLE_MODULES = YES;
				CLANG_ENABLE_OBJC_ARC = YES;
				CLANG_ENABLE_OBJC_WEAK = YES;
				CLANG_WARN_BLOCK_CAPTURE_AUTORELEASING = YES;
				CLANG_WARN_BOOL_CONVERSION = YES;
				CLANG_WARN_COMMA = YES;
				CLANG_WARN_CONSTANT_CONVERSION = YES;
				CLANG_WARN_DEPRECATED_OBJC_IMPLEMENTATIONS = YES;
				CLANG_WARN_DIRECT_OBJC_ISA_USAGE = YES_ERROR;
				CLANG_WARN_DOCUMENTATION_COMMENTS = YES;
				CLANG_WARN_EMPTY_BODY = YES;
				CLANG_WARN_ENUM_CONVERSION = YES;
				CLANG_WARN_INFINITE_RECURSION = YES;
				CLANG_WARN_INT_CONVERSION = YES;
				CLANG_WARN_NON_LITERAL_NULL_CONVERSION = YES;
				CLANG_WARN_OBJC_IMPLICIT_RETAIN_SELF = YES;
				CLANG_WARN_OBJC_LITERAL_CONVERSION = YES;
				CLANG_WARN_OBJC_ROOT_CLASS = YES_ERROR;
				CLANG_WARN_QUOTED_INCLUDE_IN_FRAMEWORK_HEADER = YES;
				CLANG_WARN_RANGE_LOOP_ANALYSIS = YES;
				CLANG_WARN_STRICT_PROTOTYPES = YES;
				CLANG_WARN_SUSPICIOUS_MOVE = YES;
				CLANG_WARN_UNGUARDED_AVAILABILITY = YES_AGGRESSIVE;
				CLANG_WARN_UNREACHABLE_CODE = YES;
				CLANG_WARN__DUPLICATE_METHOD_MATCH = YES;
				COPY_PHASE_STRIP = NO;
				DEBUG_INFORMATION_FORMAT = "dwarf-with-dsym";
				ENABLE_NS_ASSERTIONS = NO;
				ENABLE_STRICT_OBJC_MSGSEND = YES;
				GCC_C_LANGUAGE_STANDARD = gnu11;
				GCC_NO_COMMON_BLOCKS = YES;
				GCC_WARN_64_TO_32_BIT_CONVERSION = YES;
				GCC_WARN_ABOUT_RETURN_TYPE = YES_ERROR;
				GCC_WARN_UNDECLARED_SELECTOR = YES;
				GCC_WARN_UNINITIALIZED_AUTOS = YES_AGGRESSIVE;
				GCC_WARN_UNUSED_FUNCTION = YES;
				GCC_WARN_UNUSED_VARIABLE = YES;
				IPHONEOS_DEPLOYMENT_TARGET = 15.5;
				MTL_ENABLE_DEBUG_INFO = NO;
				MTL_FAST_MATH = YES;
				SDKROOT = iphoneos;
				SWIFT_COMPILATION_MODE = wholemodule;
				SWIFT_OPTIMIZATION_LEVEL = "-O";
				VALIDATE_PRODUCT = YES;
			};
			name = Release;
		};
		6EA79A97284FDC8F00FBEFB9 /* Debug */ = {
			isa = XCBuildConfiguration;
			buildSettings = {
				ASSETCATALOG_COMPILER_APPICON_NAME = AppIcon;
				ASSETCATALOG_COMPILER_GLOBAL_ACCENT_COLOR_NAME = AccentColor;
				CODE_SIGN_STYLE = Automatic;
				CURRENT_PROJECT_VERSION = 1;
				DEVELOPMENT_TEAM = 7BMH97S98D;
				GENERATE_INFOPLIST_FILE = YES;
				INFOPLIST_FILE = TestShopApp/Resources/Info.plist;
				INFOPLIST_KEY_UIApplicationSupportsIndirectInputEvents = YES;
				INFOPLIST_KEY_UILaunchStoryboardName = LaunchScreen;
				INFOPLIST_KEY_UISupportedInterfaceOrientations_iPad = "UIInterfaceOrientationPortrait UIInterfaceOrientationPortraitUpsideDown UIInterfaceOrientationLandscapeLeft UIInterfaceOrientationLandscapeRight";
				INFOPLIST_KEY_UISupportedInterfaceOrientations_iPhone = "UIInterfaceOrientationPortrait UIInterfaceOrientationLandscapeLeft UIInterfaceOrientationLandscapeRight";
				LD_RUNPATH_SEARCH_PATHS = (
					"$(inherited)",
					"@executable_path/Frameworks",
				);
				MARKETING_VERSION = 1.0;
				PRODUCT_BUNDLE_IDENTIFIER = app.TestShopApp;
				PRODUCT_NAME = "$(TARGET_NAME)";
				SWIFT_EMIT_LOC_STRINGS = YES;
				SWIFT_VERSION = 5.0;
				TARGETED_DEVICE_FAMILY = "1,2";
			};
			name = Debug;
		};
		6EA79A98284FDC8F00FBEFB9 /* Release */ = {
			isa = XCBuildConfiguration;
			buildSettings = {
				ASSETCATALOG_COMPILER_APPICON_NAME = AppIcon;
				ASSETCATALOG_COMPILER_GLOBAL_ACCENT_COLOR_NAME = AccentColor;
				CODE_SIGN_STYLE = Automatic;
				CURRENT_PROJECT_VERSION = 1;
				DEVELOPMENT_TEAM = 7BMH97S98D;
				GENERATE_INFOPLIST_FILE = YES;
				INFOPLIST_FILE = TestShopApp/Resources/Info.plist;
				INFOPLIST_KEY_UIApplicationSupportsIndirectInputEvents = YES;
				INFOPLIST_KEY_UILaunchStoryboardName = LaunchScreen;
				INFOPLIST_KEY_UISupportedInterfaceOrientations_iPad = "UIInterfaceOrientationPortrait UIInterfaceOrientationPortraitUpsideDown UIInterfaceOrientationLandscapeLeft UIInterfaceOrientationLandscapeRight";
				INFOPLIST_KEY_UISupportedInterfaceOrientations_iPhone = "UIInterfaceOrientationPortrait UIInterfaceOrientationLandscapeLeft UIInterfaceOrientationLandscapeRight";
				LD_RUNPATH_SEARCH_PATHS = (
					"$(inherited)",
					"@executable_path/Frameworks",
				);
				MARKETING_VERSION = 1.0;
				PRODUCT_BUNDLE_IDENTIFIER = app.TestShopApp;
				PRODUCT_NAME = "$(TARGET_NAME)";
				SWIFT_EMIT_LOC_STRINGS = YES;
				SWIFT_VERSION = 5.0;
				TARGETED_DEVICE_FAMILY = "1,2";
			};
			name = Release;
		};
		6EA79A9A284FDC8F00FBEFB9 /* Debug */ = {
			isa = XCBuildConfiguration;
			buildSettings = {
				ALWAYS_EMBED_SWIFT_STANDARD_LIBRARIES = YES;
				BUNDLE_LOADER = "$(TEST_HOST)";
				CODE_SIGN_STYLE = Automatic;
				CURRENT_PROJECT_VERSION = 1;
				DEVELOPMENT_TEAM = 7BMH97S98D;
				GENERATE_INFOPLIST_FILE = YES;
				IPHONEOS_DEPLOYMENT_TARGET = 15.5;
				MARKETING_VERSION = 1.0;
				PRODUCT_BUNDLE_IDENTIFIER = app.TestShopAppTests;
				PRODUCT_NAME = "$(TARGET_NAME)";
				SWIFT_EMIT_LOC_STRINGS = NO;
				SWIFT_VERSION = 5.0;
				TARGETED_DEVICE_FAMILY = "1,2";
				TEST_HOST = "$(BUILT_PRODUCTS_DIR)/TestShopApp.app/TestShopApp";
			};
			name = Debug;
		};
		6EA79A9B284FDC8F00FBEFB9 /* Release */ = {
			isa = XCBuildConfiguration;
			buildSettings = {
				ALWAYS_EMBED_SWIFT_STANDARD_LIBRARIES = YES;
				BUNDLE_LOADER = "$(TEST_HOST)";
				CODE_SIGN_STYLE = Automatic;
				CURRENT_PROJECT_VERSION = 1;
				DEVELOPMENT_TEAM = 7BMH97S98D;
				GENERATE_INFOPLIST_FILE = YES;
				IPHONEOS_DEPLOYMENT_TARGET = 15.5;
				MARKETING_VERSION = 1.0;
				PRODUCT_BUNDLE_IDENTIFIER = app.TestShopAppTests;
				PRODUCT_NAME = "$(TARGET_NAME)";
				SWIFT_EMIT_LOC_STRINGS = NO;
				SWIFT_VERSION = 5.0;
				TARGETED_DEVICE_FAMILY = "1,2";
				TEST_HOST = "$(BUILT_PRODUCTS_DIR)/TestShopApp.app/TestShopApp";
			};
			name = Release;
		};
		6EA79A9D284FDC8F00FBEFB9 /* Debug */ = {
			isa = XCBuildConfiguration;
			buildSettings = {
				ALWAYS_EMBED_SWIFT_STANDARD_LIBRARIES = YES;
				CODE_SIGN_STYLE = Automatic;
				CURRENT_PROJECT_VERSION = 1;
				DEVELOPMENT_TEAM = 7BMH97S98D;
				GENERATE_INFOPLIST_FILE = YES;
				MARKETING_VERSION = 1.0;
				PRODUCT_BUNDLE_IDENTIFIER = app.TestShopAppUITests;
				PRODUCT_NAME = "$(TARGET_NAME)";
				SWIFT_EMIT_LOC_STRINGS = NO;
				SWIFT_VERSION = 5.0;
				TARGETED_DEVICE_FAMILY = "1,2";
				TEST_TARGET_NAME = TestShopApp;
			};
			name = Debug;
		};
		6EA79A9E284FDC8F00FBEFB9 /* Release */ = {
			isa = XCBuildConfiguration;
			buildSettings = {
				ALWAYS_EMBED_SWIFT_STANDARD_LIBRARIES = YES;
				CODE_SIGN_STYLE = Automatic;
				CURRENT_PROJECT_VERSION = 1;
				DEVELOPMENT_TEAM = 7BMH97S98D;
				GENERATE_INFOPLIST_FILE = YES;
				MARKETING_VERSION = 1.0;
				PRODUCT_BUNDLE_IDENTIFIER = app.TestShopAppUITests;
				PRODUCT_NAME = "$(TARGET_NAME)";
				SWIFT_EMIT_LOC_STRINGS = NO;
				SWIFT_VERSION = 5.0;
				TARGETED_DEVICE_FAMILY = "1,2";
				TEST_TARGET_NAME = TestShopApp;
			};
			name = Release;
		};
/* End XCBuildConfiguration section */

/* Begin XCConfigurationList section */
		6EA79A67284FDC8D00FBEFB9 /* Build configuration list for PBXProject "TestShopApp" */ = {
			isa = XCConfigurationList;
			buildConfigurations = (
				6EA79A94284FDC8F00FBEFB9 /* Debug */,
				6EA79A95284FDC8F00FBEFB9 /* Release */,
			);
			defaultConfigurationIsVisible = 0;
			defaultConfigurationName = Release;
		};
		6EA79A96284FDC8F00FBEFB9 /* Build configuration list for PBXNativeTarget "TestShopApp" */ = {
			isa = XCConfigurationList;
			buildConfigurations = (
				6EA79A97284FDC8F00FBEFB9 /* Debug */,
				6EA79A98284FDC8F00FBEFB9 /* Release */,
			);
			defaultConfigurationIsVisible = 0;
			defaultConfigurationName = Release;
		};
		6EA79A99284FDC8F00FBEFB9 /* Build configuration list for PBXNativeTarget "TestShopAppTests" */ = {
			isa = XCConfigurationList;
			buildConfigurations = (
				6EA79A9A284FDC8F00FBEFB9 /* Debug */,
				6EA79A9B284FDC8F00FBEFB9 /* Release */,
			);
			defaultConfigurationIsVisible = 0;
			defaultConfigurationName = Release;
		};
		6EA79A9C284FDC8F00FBEFB9 /* Build configuration list for PBXNativeTarget "TestShopAppUITests" */ = {
			isa = XCConfigurationList;
			buildConfigurations = (
				6EA79A9D284FDC8F00FBEFB9 /* Debug */,
				6EA79A9E284FDC8F00FBEFB9 /* Release */,
			);
			defaultConfigurationIsVisible = 0;
			defaultConfigurationName = Release;
		};
/* End XCConfigurationList section */

/* Begin XCRemoteSwiftPackageReference section */
		6E0414C52854D90100CD62FE /* XCRemoteSwiftPackageReference "Alamofire" */ = {
			isa = XCRemoteSwiftPackageReference;
			repositoryURL = "https://github.com/Alamofire/Alamofire.git";
			requirement = {
				kind = upToNextMajorVersion;
				minimumVersion = 5.0.0;
			};
		};
/* End XCRemoteSwiftPackageReference section */

/* Begin XCSwiftPackageProductDependency section */
		6E0414C62854D90100CD62FE /* Alamofire */ = {
			isa = XCSwiftPackageProductDependency;
			package = 6E0414C52854D90100CD62FE /* XCRemoteSwiftPackageReference "Alamofire" */;
			productName = Alamofire;
		};
/* End XCSwiftPackageProductDependency section */
	};
	rootObject = 6EA79A64284FDC8D00FBEFB9 /* Project object */;
}
