// !$*UTF8*$!
{
	archiveVersion = 1;
	classes = {
	};
	objectVersion = 52;
	objects = {

/* Begin PBXAggregateTarget section */
		"testshopapp::TestShopAppPackageTests::ProductTarget" /* TestShopAppPackageTests */ = {
			isa = PBXAggregateTarget;
			buildConfigurationList = OBJ_231 /* Build configuration list for PBXAggregateTarget "TestShopAppPackageTests" */;
			buildPhases = (
			);
			dependencies = (
				OBJ_236 /* PBXTargetDependency */,
			);
			name = TestShopAppPackageTests;
			productName = TestShopAppPackageTests;
		};
/* End PBXAggregateTarget section */

/* Begin PBXBuildFile section */
		6EC95B6E28AFD18B0058301C /* Alamofire in Frameworks */ = {isa = PBXBuildFile; productRef = 6EC95B6D28AFD18B0058301C /* Alamofire */; };
		6EC95B7128AFD1EC0058301C /* FirebaseAnalytics in Frameworks */ = {isa = PBXBuildFile; productRef = 6EC95B7028AFD1EC0058301C /* FirebaseAnalytics */; };
		6EC95B7328AFD1EC0058301C /* FirebaseCrashlytics in Frameworks */ = {isa = PBXBuildFile; productRef = 6EC95B7228AFD1EC0058301C /* FirebaseCrashlytics */; };
		OBJ_148 /* AppDelegate.swift in Sources */ = {isa = PBXBuildFile; fileRef = OBJ_10 /* AppDelegate.swift */; };
		OBJ_149 /* DI.swift in Sources */ = {isa = PBXBuildFile; fileRef = OBJ_12 /* DI.swift */; };
		OBJ_150 /* AnalyticReporter.swift in Sources */ = {isa = PBXBuildFile; fileRef = OBJ_16 /* AnalyticReporter.swift */; };
		OBJ_151 /* AuthDataOperation.swift in Sources */ = {isa = PBXBuildFile; fileRef = OBJ_20 /* AuthDataOperation.swift */; };
		OBJ_152 /* ChangeDataParseOperation.swift in Sources */ = {isa = PBXBuildFile; fileRef = OBJ_22 /* ChangeDataParseOperation.swift */; };
		OBJ_153 /* ChangeDataRequestOperation.swift in Sources */ = {isa = PBXBuildFile; fileRef = OBJ_23 /* ChangeDataRequestOperation.swift */; };
		OBJ_154 /* LoginParseOperation.swift in Sources */ = {isa = PBXBuildFile; fileRef = OBJ_25 /* LoginParseOperation.swift */; };
		OBJ_155 /* LoginRequestOperation.swift in Sources */ = {isa = PBXBuildFile; fileRef = OBJ_26 /* LoginRequestOperation.swift */; };
		OBJ_156 /* LogoutParseOperation.swift in Sources */ = {isa = PBXBuildFile; fileRef = OBJ_28 /* LogoutParseOperation.swift */; };
		OBJ_157 /* LogoutRequestOperation.swift in Sources */ = {isa = PBXBuildFile; fileRef = OBJ_29 /* LogoutRequestOperation.swift */; };
		OBJ_158 /* RegisterParseOperation.swift in Sources */ = {isa = PBXBuildFile; fileRef = OBJ_31 /* RegisterParseOperation.swift */; };
		OBJ_159 /* RegisterRequestOperation.swift in Sources */ = {isa = PBXBuildFile; fileRef = OBJ_32 /* RegisterRequestOperation.swift */; };
		OBJ_160 /* AddProductParseOperation.swift in Sources */ = {isa = PBXBuildFile; fileRef = OBJ_35 /* AddProductParseOperation.swift */; };
		OBJ_161 /* AddProductRequestOperation.swift in Sources */ = {isa = PBXBuildFile; fileRef = OBJ_36 /* AddProductRequestOperation.swift */; };
		OBJ_162 /* BasketDataOperation.swift in Sources */ = {isa = PBXBuildFile; fileRef = OBJ_37 /* BasketDataOperation.swift */; };
		OBJ_163 /* DeleteProductParseOperation.swift in Sources */ = {isa = PBXBuildFile; fileRef = OBJ_39 /* DeleteProductParseOperation.swift */; };
		OBJ_164 /* DeleteProductRequestOperation.swift in Sources */ = {isa = PBXBuildFile; fileRef = OBJ_40 /* DeleteProductRequestOperation.swift */; };
		OBJ_165 /* GetProductsParse.swift in Sources */ = {isa = PBXBuildFile; fileRef = OBJ_42 /* GetProductsParse.swift */; };
		OBJ_166 /* GetProductsRequest.swift in Sources */ = {isa = PBXBuildFile; fileRef = OBJ_43 /* GetProductsRequest.swift */; };
		OBJ_167 /* AddCommentParseOperation.swift in Sources */ = {isa = PBXBuildFile; fileRef = OBJ_46 /* AddCommentParseOperation.swift */; };
		OBJ_168 /* AddCommentRequestOperation.swift in Sources */ = {isa = PBXBuildFile; fileRef = OBJ_47 /* AddCommentRequestOperation.swift */; };
		OBJ_169 /* CommentsDataOperations.swift in Sources */ = {isa = PBXBuildFile; fileRef = OBJ_48 /* CommentsDataOperations.swift */; };
		OBJ_170 /* DeleteCommentParseOperation.swift in Sources */ = {isa = PBXBuildFile; fileRef = OBJ_50 /* DeleteCommentParseOperation.swift */; };
		OBJ_171 /* DeleteCommentRequestOperation.swift in Sources */ = {isa = PBXBuildFile; fileRef = OBJ_51 /* DeleteCommentRequestOperation.swift */; };
		OBJ_172 /* GetAllParseOperation.swift in Sources */ = {isa = PBXBuildFile; fileRef = OBJ_53 /* GetAllParseOperation.swift */; };
		OBJ_173 /* GetAllRequestOperation.swift in Sources */ = {isa = PBXBuildFile; fileRef = OBJ_54 /* GetAllRequestOperation.swift */; };
		OBJ_174 /* DetailInfoParseOperation.swift in Sources */ = {isa = PBXBuildFile; fileRef = OBJ_57 /* DetailInfoParseOperation.swift */; };
		OBJ_175 /* DetailInfoRequestOperation.swift in Sources */ = {isa = PBXBuildFile; fileRef = OBJ_58 /* DetailInfoRequestOperation.swift */; };
		OBJ_176 /* LoadProductParseOperation.swift in Sources */ = {isa = PBXBuildFile; fileRef = OBJ_60 /* LoadProductParseOperation.swift */; };
		OBJ_177 /* LoadProductRequestsOperation.swift in Sources */ = {isa = PBXBuildFile; fileRef = OBJ_61 /* LoadProductRequestsOperation.swift */; };
		OBJ_178 /* ShopDataOperations.swift in Sources */ = {isa = PBXBuildFile; fileRef = OBJ_62 /* ShopDataOperations.swift */; };
		OBJ_179 /* AuthRouter.swift in Sources */ = {isa = PBXBuildFile; fileRef = OBJ_64 /* AuthRouter.swift */; };
		OBJ_180 /* BasketRequestRouter.swift in Sources */ = {isa = PBXBuildFile; fileRef = OBJ_65 /* BasketRequestRouter.swift */; };
		OBJ_181 /* CommentRouter.swift in Sources */ = {isa = PBXBuildFile; fileRef = OBJ_66 /* CommentRouter.swift */; };
		OBJ_182 /* ShopRouter.swift in Sources */ = {isa = PBXBuildFile; fileRef = OBJ_67 /* ShopRouter.swift */; };
		OBJ_183 /* AnalyticEvents.swift in Sources */ = {isa = PBXBuildFile; fileRef = OBJ_70 /* AnalyticEvents.swift */; };
		OBJ_184 /* ChangeUserDataRequest.swift in Sources */ = {isa = PBXBuildFile; fileRef = OBJ_72 /* ChangeUserDataRequest.swift */; };
		OBJ_185 /* RegisterRequest.swift in Sources */ = {isa = PBXBuildFile; fileRef = OBJ_73 /* RegisterRequest.swift */; };
		OBJ_186 /* AddProductResponse.swift in Sources */ = {isa = PBXBuildFile; fileRef = OBJ_75 /* AddProductResponse.swift */; };
		OBJ_187 /* BasketProduct.swift in Sources */ = {isa = PBXBuildFile; fileRef = OBJ_76 /* BasketProduct.swift */; };
		OBJ_188 /* CommentModel.swift in Sources */ = {isa = PBXBuildFile; fileRef = OBJ_77 /* CommentModel.swift */; };
		OBJ_189 /* DeleteProductResponse.swift in Sources */ = {isa = PBXBuildFile; fileRef = OBJ_78 /* DeleteProductResponse.swift */; };
		OBJ_190 /* LoginResult.swift in Sources */ = {isa = PBXBuildFile; fileRef = OBJ_79 /* LoginResult.swift */; };
		OBJ_191 /* ProductResponse.swift in Sources */ = {isa = PBXBuildFile; fileRef = OBJ_80 /* ProductResponse.swift */; };
		OBJ_192 /* AuthAssembly.swift in Sources */ = {isa = PBXBuildFile; fileRef = OBJ_83 /* AuthAssembly.swift */; };
		OBJ_193 /* AuthInteractor.swift in Sources */ = {isa = PBXBuildFile; fileRef = OBJ_84 /* AuthInteractor.swift */; };
		OBJ_194 /* AuthPresenter.swift in Sources */ = {isa = PBXBuildFile; fileRef = OBJ_85 /* AuthPresenter.swift */; };
		OBJ_195 /* AuthProtocols.swift in Sources */ = {isa = PBXBuildFile; fileRef = OBJ_86 /* AuthProtocols.swift */; };
		OBJ_196 /* AuthViewController.swift in Sources */ = {isa = PBXBuildFile; fileRef = OBJ_87 /* AuthViewController.swift */; };
		OBJ_197 /* LoginView.swift in Sources */ = {isa = PBXBuildFile; fileRef = OBJ_89 /* LoginView.swift */; };
		OBJ_198 /* BasketAssembly.swift in Sources */ = {isa = PBXBuildFile; fileRef = OBJ_91 /* BasketAssembly.swift */; };
		OBJ_199 /* BasketInteractor.swift in Sources */ = {isa = PBXBuildFile; fileRef = OBJ_92 /* BasketInteractor.swift */; };
		OBJ_200 /* BasketPresenter.swift in Sources */ = {isa = PBXBuildFile; fileRef = OBJ_93 /* BasketPresenter.swift */; };
		OBJ_201 /* BasketProtocols.swift in Sources */ = {isa = PBXBuildFile; fileRef = OBJ_94 /* BasketProtocols.swift */; };
		OBJ_202 /* BasketRouter.swift in Sources */ = {isa = PBXBuildFile; fileRef = OBJ_95 /* BasketRouter.swift */; };
		OBJ_203 /* BasketViewController.swift in Sources */ = {isa = PBXBuildFile; fileRef = OBJ_96 /* BasketViewController.swift */; };
		OBJ_204 /* BasketProductCell.swift in Sources */ = {isa = PBXBuildFile; fileRef = OBJ_98 /* BasketProductCell.swift */; };
		OBJ_205 /* MainTableCell.swift in Sources */ = {isa = PBXBuildFile; fileRef = OBJ_101 /* MainTableCell.swift */; };
		OBJ_206 /* MainAssembly.swift in Sources */ = {isa = PBXBuildFile; fileRef = OBJ_102 /* MainAssembly.swift */; };
		OBJ_207 /* MainInteractor.swift in Sources */ = {isa = PBXBuildFile; fileRef = OBJ_103 /* MainInteractor.swift */; };
		OBJ_208 /* MainPresenter.swift in Sources */ = {isa = PBXBuildFile; fileRef = OBJ_104 /* MainPresenter.swift */; };
		OBJ_209 /* MainProtocols.swift in Sources */ = {isa = PBXBuildFile; fileRef = OBJ_105 /* MainProtocols.swift */; };
		OBJ_210 /* MainViewController.swift in Sources */ = {isa = PBXBuildFile; fileRef = OBJ_106 /* MainViewController.swift */; };
		OBJ_211 /* CommentCell.swift in Sources */ = {isa = PBXBuildFile; fileRef = OBJ_109 /* CommentCell.swift */; };
		OBJ_212 /* DetailInfoProductView.swift in Sources */ = {isa = PBXBuildFile; fileRef = OBJ_110 /* DetailInfoProductView.swift */; };
		OBJ_213 /* ProfileAssembly.swift in Sources */ = {isa = PBXBuildFile; fileRef = OBJ_112 /* ProfileAssembly.swift */; };
		OBJ_214 /* ProfileInteractor.swift in Sources */ = {isa = PBXBuildFile; fileRef = OBJ_113 /* ProfileInteractor.swift */; };
		OBJ_215 /* ProfilePresenter.swift in Sources */ = {isa = PBXBuildFile; fileRef = OBJ_114 /* ProfilePresenter.swift */; };
		OBJ_216 /* ProfileProtocols.swift in Sources */ = {isa = PBXBuildFile; fileRef = OBJ_115 /* ProfileProtocols.swift */; };
		OBJ_217 /* ProfileViewController.swift in Sources */ = {isa = PBXBuildFile; fileRef = OBJ_116 /* ProfileViewController.swift */; };
		OBJ_218 /* ChangeUserDataView.swift in Sources */ = {isa = PBXBuildFile; fileRef = OBJ_118 /* ChangeUserDataView.swift */; };
		OBJ_219 /* TabBarViewController.swift in Sources */ = {isa = PBXBuildFile; fileRef = OBJ_120 /* TabBarViewController.swift */; };
		OBJ_220 /* SceneDelegate.swift in Sources */ = {isa = PBXBuildFile; fileRef = OBJ_121 /* SceneDelegate.swift */; };
		OBJ_221 /* AddingOperations.swift in Sources */ = {isa = PBXBuildFile; fileRef = OBJ_124 /* AddingOperations.swift */; };
		OBJ_222 /* AsyncOperation.swift in Sources */ = {isa = PBXBuildFile; fileRef = OBJ_125 /* AsyncOperation.swift */; };
		OBJ_229 /* Package.swift in Sources */ = {isa = PBXBuildFile; fileRef = OBJ_6 /* Package.swift */; };
		OBJ_242 /* AuthRequestsTest.swift in Sources */ = {isa = PBXBuildFile; fileRef = OBJ_128 /* AuthRequestsTest.swift */; };
		OBJ_243 /* BasketRequestTest.swift in Sources */ = {isa = PBXBuildFile; fileRef = OBJ_129 /* BasketRequestTest.swift */; };
		OBJ_244 /* CommentsRequestsTest.swift in Sources */ = {isa = PBXBuildFile; fileRef = OBJ_130 /* CommentsRequestsTest.swift */; };
		OBJ_245 /* ShopRequestTest.swift in Sources */ = {isa = PBXBuildFile; fileRef = OBJ_131 /* ShopRequestTest.swift */; };
		OBJ_247 /* TestShopApp.framework in Frameworks */ = {isa = PBXBuildFile; fileRef = "testshopapp::TestShopApp::Product" /* TestShopApp.framework */; };
/* End PBXBuildFile section */

/* Begin PBXContainerItemProxy section */
		6EC95B6828AFCF790058301C /* PBXContainerItemProxy */ = {
			isa = PBXContainerItemProxy;
			containerPortal = OBJ_1 /* Project object */;
			proxyType = 1;
			remoteGlobalIDString = "testshopapp::TestShopApp";
			remoteInfo = TestShopApp;
		};
		6EC95B6B28AFCF7B0058301C /* PBXContainerItemProxy */ = {
			isa = PBXContainerItemProxy;
			containerPortal = OBJ_1 /* Project object */;
			proxyType = 1;
			remoteGlobalIDString = "testshopapp::TestShopAppTests";
			remoteInfo = TestShopAppTests;
		};
/* End PBXContainerItemProxy section */

/* Begin PBXFileReference section */
		OBJ_10 /* AppDelegate.swift */ = {isa = PBXFileReference; lastKnownFileType = sourcecode.swift; path = AppDelegate.swift; sourceTree = "<group>"; };
		OBJ_101 /* MainTableCell.swift */ = {isa = PBXFileReference; lastKnownFileType = sourcecode.swift; path = MainTableCell.swift; sourceTree = "<group>"; };
		OBJ_102 /* MainAssembly.swift */ = {isa = PBXFileReference; lastKnownFileType = sourcecode.swift; path = MainAssembly.swift; sourceTree = "<group>"; };
		OBJ_103 /* MainInteractor.swift */ = {isa = PBXFileReference; lastKnownFileType = sourcecode.swift; path = MainInteractor.swift; sourceTree = "<group>"; };
		OBJ_104 /* MainPresenter.swift */ = {isa = PBXFileReference; lastKnownFileType = sourcecode.swift; path = MainPresenter.swift; sourceTree = "<group>"; };
		OBJ_105 /* MainProtocols.swift */ = {isa = PBXFileReference; lastKnownFileType = sourcecode.swift; path = MainProtocols.swift; sourceTree = "<group>"; };
		OBJ_106 /* MainViewController.swift */ = {isa = PBXFileReference; lastKnownFileType = sourcecode.swift; path = MainViewController.swift; sourceTree = "<group>"; };
		OBJ_109 /* CommentCell.swift */ = {isa = PBXFileReference; lastKnownFileType = sourcecode.swift; path = CommentCell.swift; sourceTree = "<group>"; };
		OBJ_110 /* DetailInfoProductView.swift */ = {isa = PBXFileReference; lastKnownFileType = sourcecode.swift; path = DetailInfoProductView.swift; sourceTree = "<group>"; };
		OBJ_112 /* ProfileAssembly.swift */ = {isa = PBXFileReference; lastKnownFileType = sourcecode.swift; path = ProfileAssembly.swift; sourceTree = "<group>"; };
		OBJ_113 /* ProfileInteractor.swift */ = {isa = PBXFileReference; lastKnownFileType = sourcecode.swift; path = ProfileInteractor.swift; sourceTree = "<group>"; };
		OBJ_114 /* ProfilePresenter.swift */ = {isa = PBXFileReference; lastKnownFileType = sourcecode.swift; path = ProfilePresenter.swift; sourceTree = "<group>"; };
		OBJ_115 /* ProfileProtocols.swift */ = {isa = PBXFileReference; lastKnownFileType = sourcecode.swift; path = ProfileProtocols.swift; sourceTree = "<group>"; };
		OBJ_116 /* ProfileViewController.swift */ = {isa = PBXFileReference; lastKnownFileType = sourcecode.swift; path = ProfileViewController.swift; sourceTree = "<group>"; };
		OBJ_118 /* ChangeUserDataView.swift */ = {isa = PBXFileReference; lastKnownFileType = sourcecode.swift; path = ChangeUserDataView.swift; sourceTree = "<group>"; };
		OBJ_12 /* DI.swift */ = {isa = PBXFileReference; lastKnownFileType = sourcecode.swift; path = DI.swift; sourceTree = "<group>"; };
		OBJ_120 /* TabBarViewController.swift */ = {isa = PBXFileReference; lastKnownFileType = sourcecode.swift; path = TabBarViewController.swift; sourceTree = "<group>"; };
		OBJ_121 /* SceneDelegate.swift */ = {isa = PBXFileReference; lastKnownFileType = sourcecode.swift; path = SceneDelegate.swift; sourceTree = "<group>"; };
		OBJ_124 /* AddingOperations.swift */ = {isa = PBXFileReference; lastKnownFileType = sourcecode.swift; path = AddingOperations.swift; sourceTree = "<group>"; };
		OBJ_125 /* AsyncOperation.swift */ = {isa = PBXFileReference; lastKnownFileType = sourcecode.swift; path = AsyncOperation.swift; sourceTree = "<group>"; };
		OBJ_128 /* AuthRequestsTest.swift */ = {isa = PBXFileReference; lastKnownFileType = sourcecode.swift; path = AuthRequestsTest.swift; sourceTree = "<group>"; };
		OBJ_129 /* BasketRequestTest.swift */ = {isa = PBXFileReference; lastKnownFileType = sourcecode.swift; path = BasketRequestTest.swift; sourceTree = "<group>"; };
		OBJ_130 /* CommentsRequestsTest.swift */ = {isa = PBXFileReference; lastKnownFileType = sourcecode.swift; path = CommentsRequestsTest.swift; sourceTree = "<group>"; };
		OBJ_131 /* ShopRequestTest.swift */ = {isa = PBXFileReference; lastKnownFileType = sourcecode.swift; path = ShopRequestTest.swift; sourceTree = "<group>"; };
		OBJ_139 /* fastlane */ = {isa = PBXFileReference; lastKnownFileType = folder; path = fastlane; sourceTree = SOURCE_ROOT; };
		OBJ_140 /* README.md */ = {isa = PBXFileReference; lastKnownFileType = net.daringfireball.markdown; path = README.md; sourceTree = "<group>"; };
		OBJ_141 /* Gemfile */ = {isa = PBXFileReference; lastKnownFileType = text; path = Gemfile; sourceTree = "<group>"; };
		OBJ_142 /* Gemfile.lock */ = {isa = PBXFileReference; lastKnownFileType = text; path = Gemfile.lock; sourceTree = "<group>"; };
		OBJ_16 /* AnalyticReporter.swift */ = {isa = PBXFileReference; lastKnownFileType = sourcecode.swift; path = AnalyticReporter.swift; sourceTree = "<group>"; };
		OBJ_20 /* AuthDataOperation.swift */ = {isa = PBXFileReference; lastKnownFileType = sourcecode.swift; path = AuthDataOperation.swift; sourceTree = "<group>"; };
		OBJ_22 /* ChangeDataParseOperation.swift */ = {isa = PBXFileReference; lastKnownFileType = sourcecode.swift; path = ChangeDataParseOperation.swift; sourceTree = "<group>"; };
		OBJ_23 /* ChangeDataRequestOperation.swift */ = {isa = PBXFileReference; lastKnownFileType = sourcecode.swift; path = ChangeDataRequestOperation.swift; sourceTree = "<group>"; };
		OBJ_25 /* LoginParseOperation.swift */ = {isa = PBXFileReference; lastKnownFileType = sourcecode.swift; path = LoginParseOperation.swift; sourceTree = "<group>"; };
		OBJ_26 /* LoginRequestOperation.swift */ = {isa = PBXFileReference; lastKnownFileType = sourcecode.swift; path = LoginRequestOperation.swift; sourceTree = "<group>"; };
		OBJ_28 /* LogoutParseOperation.swift */ = {isa = PBXFileReference; lastKnownFileType = sourcecode.swift; path = LogoutParseOperation.swift; sourceTree = "<group>"; };
		OBJ_29 /* LogoutRequestOperation.swift */ = {isa = PBXFileReference; lastKnownFileType = sourcecode.swift; path = LogoutRequestOperation.swift; sourceTree = "<group>"; };
		OBJ_31 /* RegisterParseOperation.swift */ = {isa = PBXFileReference; lastKnownFileType = sourcecode.swift; path = RegisterParseOperation.swift; sourceTree = "<group>"; };
		OBJ_32 /* RegisterRequestOperation.swift */ = {isa = PBXFileReference; lastKnownFileType = sourcecode.swift; path = RegisterRequestOperation.swift; sourceTree = "<group>"; };
		OBJ_35 /* AddProductParseOperation.swift */ = {isa = PBXFileReference; lastKnownFileType = sourcecode.swift; path = AddProductParseOperation.swift; sourceTree = "<group>"; };
		OBJ_36 /* AddProductRequestOperation.swift */ = {isa = PBXFileReference; lastKnownFileType = sourcecode.swift; path = AddProductRequestOperation.swift; sourceTree = "<group>"; };
		OBJ_37 /* BasketDataOperation.swift */ = {isa = PBXFileReference; lastKnownFileType = sourcecode.swift; path = BasketDataOperation.swift; sourceTree = "<group>"; };
		OBJ_39 /* DeleteProductParseOperation.swift */ = {isa = PBXFileReference; lastKnownFileType = sourcecode.swift; path = DeleteProductParseOperation.swift; sourceTree = "<group>"; };
		OBJ_40 /* DeleteProductRequestOperation.swift */ = {isa = PBXFileReference; lastKnownFileType = sourcecode.swift; path = DeleteProductRequestOperation.swift; sourceTree = "<group>"; };
		OBJ_42 /* GetProductsParse.swift */ = {isa = PBXFileReference; lastKnownFileType = sourcecode.swift; path = GetProductsParse.swift; sourceTree = "<group>"; };
		OBJ_43 /* GetProductsRequest.swift */ = {isa = PBXFileReference; lastKnownFileType = sourcecode.swift; path = GetProductsRequest.swift; sourceTree = "<group>"; };
		OBJ_46 /* AddCommentParseOperation.swift */ = {isa = PBXFileReference; lastKnownFileType = sourcecode.swift; path = AddCommentParseOperation.swift; sourceTree = "<group>"; };
		OBJ_47 /* AddCommentRequestOperation.swift */ = {isa = PBXFileReference; lastKnownFileType = sourcecode.swift; path = AddCommentRequestOperation.swift; sourceTree = "<group>"; };
		OBJ_48 /* CommentsDataOperations.swift */ = {isa = PBXFileReference; lastKnownFileType = sourcecode.swift; path = CommentsDataOperations.swift; sourceTree = "<group>"; };
		OBJ_50 /* DeleteCommentParseOperation.swift */ = {isa = PBXFileReference; lastKnownFileType = sourcecode.swift; path = DeleteCommentParseOperation.swift; sourceTree = "<group>"; };
		OBJ_51 /* DeleteCommentRequestOperation.swift */ = {isa = PBXFileReference; lastKnownFileType = sourcecode.swift; path = DeleteCommentRequestOperation.swift; sourceTree = "<group>"; };
		OBJ_53 /* GetAllParseOperation.swift */ = {isa = PBXFileReference; lastKnownFileType = sourcecode.swift; path = GetAllParseOperation.swift; sourceTree = "<group>"; };
		OBJ_54 /* GetAllRequestOperation.swift */ = {isa = PBXFileReference; lastKnownFileType = sourcecode.swift; path = GetAllRequestOperation.swift; sourceTree = "<group>"; };
		OBJ_57 /* DetailInfoParseOperation.swift */ = {isa = PBXFileReference; lastKnownFileType = sourcecode.swift; path = DetailInfoParseOperation.swift; sourceTree = "<group>"; };
		OBJ_58 /* DetailInfoRequestOperation.swift */ = {isa = PBXFileReference; lastKnownFileType = sourcecode.swift; path = DetailInfoRequestOperation.swift; sourceTree = "<group>"; };
		OBJ_6 /* Package.swift */ = {isa = PBXFileReference; explicitFileType = sourcecode.swift; path = Package.swift; sourceTree = "<group>"; };
		OBJ_60 /* LoadProductParseOperation.swift */ = {isa = PBXFileReference; lastKnownFileType = sourcecode.swift; path = LoadProductParseOperation.swift; sourceTree = "<group>"; };
		OBJ_61 /* LoadProductRequestsOperation.swift */ = {isa = PBXFileReference; lastKnownFileType = sourcecode.swift; path = LoadProductRequestsOperation.swift; sourceTree = "<group>"; };
		OBJ_62 /* ShopDataOperations.swift */ = {isa = PBXFileReference; lastKnownFileType = sourcecode.swift; path = ShopDataOperations.swift; sourceTree = "<group>"; };
		OBJ_64 /* AuthRouter.swift */ = {isa = PBXFileReference; lastKnownFileType = sourcecode.swift; path = AuthRouter.swift; sourceTree = "<group>"; };
		OBJ_65 /* BasketRequestRouter.swift */ = {isa = PBXFileReference; lastKnownFileType = sourcecode.swift; path = BasketRequestRouter.swift; sourceTree = "<group>"; };
		OBJ_66 /* CommentRouter.swift */ = {isa = PBXFileReference; lastKnownFileType = sourcecode.swift; path = CommentRouter.swift; sourceTree = "<group>"; };
		OBJ_67 /* ShopRouter.swift */ = {isa = PBXFileReference; lastKnownFileType = sourcecode.swift; path = ShopRouter.swift; sourceTree = "<group>"; };
		OBJ_70 /* AnalyticEvents.swift */ = {isa = PBXFileReference; lastKnownFileType = sourcecode.swift; path = AnalyticEvents.swift; sourceTree = "<group>"; };
		OBJ_72 /* ChangeUserDataRequest.swift */ = {isa = PBXFileReference; lastKnownFileType = sourcecode.swift; path = ChangeUserDataRequest.swift; sourceTree = "<group>"; };
		OBJ_73 /* RegisterRequest.swift */ = {isa = PBXFileReference; lastKnownFileType = sourcecode.swift; path = RegisterRequest.swift; sourceTree = "<group>"; };
		OBJ_75 /* AddProductResponse.swift */ = {isa = PBXFileReference; lastKnownFileType = sourcecode.swift; path = AddProductResponse.swift; sourceTree = "<group>"; };
		OBJ_76 /* BasketProduct.swift */ = {isa = PBXFileReference; lastKnownFileType = sourcecode.swift; path = BasketProduct.swift; sourceTree = "<group>"; };
		OBJ_77 /* CommentModel.swift */ = {isa = PBXFileReference; lastKnownFileType = sourcecode.swift; path = CommentModel.swift; sourceTree = "<group>"; };
		OBJ_78 /* DeleteProductResponse.swift */ = {isa = PBXFileReference; lastKnownFileType = sourcecode.swift; path = DeleteProductResponse.swift; sourceTree = "<group>"; };
		OBJ_79 /* LoginResult.swift */ = {isa = PBXFileReference; lastKnownFileType = sourcecode.swift; path = LoginResult.swift; sourceTree = "<group>"; };
		OBJ_80 /* ProductResponse.swift */ = {isa = PBXFileReference; lastKnownFileType = sourcecode.swift; path = ProductResponse.swift; sourceTree = "<group>"; };
		OBJ_83 /* AuthAssembly.swift */ = {isa = PBXFileReference; lastKnownFileType = sourcecode.swift; path = AuthAssembly.swift; sourceTree = "<group>"; };
		OBJ_84 /* AuthInteractor.swift */ = {isa = PBXFileReference; lastKnownFileType = sourcecode.swift; path = AuthInteractor.swift; sourceTree = "<group>"; };
		OBJ_85 /* AuthPresenter.swift */ = {isa = PBXFileReference; lastKnownFileType = sourcecode.swift; path = AuthPresenter.swift; sourceTree = "<group>"; };
		OBJ_86 /* AuthProtocols.swift */ = {isa = PBXFileReference; lastKnownFileType = sourcecode.swift; path = AuthProtocols.swift; sourceTree = "<group>"; };
		OBJ_87 /* AuthViewController.swift */ = {isa = PBXFileReference; lastKnownFileType = sourcecode.swift; path = AuthViewController.swift; sourceTree = "<group>"; };
		OBJ_89 /* LoginView.swift */ = {isa = PBXFileReference; lastKnownFileType = sourcecode.swift; path = LoginView.swift; sourceTree = "<group>"; };
		OBJ_91 /* BasketAssembly.swift */ = {isa = PBXFileReference; lastKnownFileType = sourcecode.swift; path = BasketAssembly.swift; sourceTree = "<group>"; };
		OBJ_92 /* BasketInteractor.swift */ = {isa = PBXFileReference; lastKnownFileType = sourcecode.swift; path = BasketInteractor.swift; sourceTree = "<group>"; };
		OBJ_93 /* BasketPresenter.swift */ = {isa = PBXFileReference; lastKnownFileType = sourcecode.swift; path = BasketPresenter.swift; sourceTree = "<group>"; };
		OBJ_94 /* BasketProtocols.swift */ = {isa = PBXFileReference; lastKnownFileType = sourcecode.swift; path = BasketProtocols.swift; sourceTree = "<group>"; };
		OBJ_95 /* BasketRouter.swift */ = {isa = PBXFileReference; lastKnownFileType = sourcecode.swift; path = BasketRouter.swift; sourceTree = "<group>"; };
		OBJ_96 /* BasketViewController.swift */ = {isa = PBXFileReference; lastKnownFileType = sourcecode.swift; path = BasketViewController.swift; sourceTree = "<group>"; };
		OBJ_98 /* BasketProductCell.swift */ = {isa = PBXFileReference; lastKnownFileType = sourcecode.swift; path = BasketProductCell.swift; sourceTree = "<group>"; };
		"testshopapp::TestShopApp::Product" /* TestShopApp.framework */ = {isa = PBXFileReference; lastKnownFileType = wrapper.framework; path = TestShopApp.framework; sourceTree = BUILT_PRODUCTS_DIR; };
		"testshopapp::TestShopAppTests::Product" /* TestShopAppTests.xctest */ = {isa = PBXFileReference; lastKnownFileType = file; path = TestShopAppTests.xctest; sourceTree = BUILT_PRODUCTS_DIR; };
/* End PBXFileReference section */

/* Begin PBXFrameworksBuildPhase section */
		OBJ_223 /* Frameworks */ = {
			isa = PBXFrameworksBuildPhase;
			buildActionMask = 0;
			files = (
				6EC95B7328AFD1EC0058301C /* FirebaseCrashlytics in Frameworks */,
				6EC95B7128AFD1EC0058301C /* FirebaseAnalytics in Frameworks */,
				6EC95B6E28AFD18B0058301C /* Alamofire in Frameworks */,
			);
			runOnlyForDeploymentPostprocessing = 0;
		};
		OBJ_246 /* Frameworks */ = {
			isa = PBXFrameworksBuildPhase;
			buildActionMask = 0;
			files = (
				OBJ_247 /* TestShopApp.framework in Frameworks */,
			);
			runOnlyForDeploymentPostprocessing = 0;
		};
/* End PBXFrameworksBuildPhase section */

/* Begin PBXGroup section */
		OBJ_100 /* Cell */ = {
			isa = PBXGroup;
			children = (
				OBJ_101 /* MainTableCell.swift */,
			);
			path = Cell;
			sourceTree = "<group>";
		};
		OBJ_107 /* Views */ = {
			isa = PBXGroup;
			children = (
				OBJ_108 /* Cell */,
				OBJ_110 /* DetailInfoProductView.swift */,
			);
			path = Views;
			sourceTree = "<group>";
		};
		OBJ_108 /* Cell */ = {
			isa = PBXGroup;
			children = (
				OBJ_109 /* CommentCell.swift */,
			);
			path = Cell;
			sourceTree = "<group>";
		};
		OBJ_11 /* Assembly */ = {
			isa = PBXGroup;
			children = (
				OBJ_12 /* DI.swift */,
			);
			path = Assembly;
			sourceTree = "<group>";
		};
		OBJ_111 /* Profile */ = {
			isa = PBXGroup;
			children = (
				OBJ_112 /* ProfileAssembly.swift */,
				OBJ_113 /* ProfileInteractor.swift */,
				OBJ_114 /* ProfilePresenter.swift */,
				OBJ_115 /* ProfileProtocols.swift */,
				OBJ_116 /* ProfileViewController.swift */,
			);
			path = Profile;
			sourceTree = "<group>";
		};
		OBJ_117 /* ReusableViews */ = {
			isa = PBXGroup;
			children = (
				OBJ_118 /* ChangeUserDataView.swift */,
			);
			path = ReusableViews;
			sourceTree = "<group>";
		};
		OBJ_119 /* TabBar */ = {
			isa = PBXGroup;
			children = (
				OBJ_120 /* TabBarViewController.swift */,
			);
			path = TabBar;
			sourceTree = "<group>";
		};
		OBJ_122 /* Core */ = {
			isa = PBXGroup;
			children = (
				OBJ_123 /* Network */,
			);
			path = Core;
			sourceTree = "<group>";
		};
		OBJ_123 /* Network */ = {
			isa = PBXGroup;
			children = (
				OBJ_124 /* AddingOperations.swift */,
				OBJ_125 /* AsyncOperation.swift */,
			);
			path = Network;
			sourceTree = "<group>";
		};
		OBJ_126 /* Tests */ = {
			isa = PBXGroup;
			children = (
				OBJ_127 /* TestShopAppTests */,
			);
			name = Tests;
			sourceTree = SOURCE_ROOT;
		};
		OBJ_127 /* TestShopAppTests */ = {
			isa = PBXGroup;
			children = (
				OBJ_128 /* AuthRequestsTest.swift */,
				OBJ_129 /* BasketRequestTest.swift */,
				OBJ_130 /* CommentsRequestsTest.swift */,
				OBJ_131 /* ShopRequestTest.swift */,
			);
			name = TestShopAppTests;
			path = Tests/TestShopAppTests;
			sourceTree = SOURCE_ROOT;
		};
		OBJ_13 /* BusinessLogic */ = {
			isa = PBXGroup;
			children = (
				OBJ_14 /* Managers */,
				OBJ_17 /* Network */,
			);
			path = BusinessLogic;
			sourceTree = "<group>";
		};
		OBJ_135 /* Products */ = {
			isa = PBXGroup;
			children = (
				"testshopapp::TestShopApp::Product" /* TestShopApp.framework */,
				"testshopapp::TestShopAppTests::Product" /* TestShopAppTests.xctest */,
			);
			name = Products;
			sourceTree = BUILT_PRODUCTS_DIR;
		};
		OBJ_14 /* Managers */ = {
			isa = PBXGroup;
			children = (
				OBJ_15 /* Analytics */,
			);
			path = Managers;
			sourceTree = "<group>";
		};
		OBJ_15 /* Analytics */ = {
			isa = PBXGroup;
			children = (
				OBJ_16 /* AnalyticReporter.swift */,
			);
			path = Analytics;
			sourceTree = "<group>";
		};
		OBJ_17 /* Network */ = {
			isa = PBXGroup;
			children = (
				OBJ_18 /* Operations */,
				OBJ_63 /* Routers */,
			);
			path = Network;
			sourceTree = "<group>";
		};
		OBJ_18 /* Operations */ = {
			isa = PBXGroup;
			children = (
				OBJ_19 /* Auth */,
				OBJ_33 /* Basket */,
				OBJ_44 /* Comments */,
				OBJ_55 /* Shop */,
			);
			path = Operations;
			sourceTree = "<group>";
		};
		OBJ_19 /* Auth */ = {
			isa = PBXGroup;
			children = (
				OBJ_20 /* AuthDataOperation.swift */,
				OBJ_21 /* ChangeData */,
				OBJ_24 /* Login */,
				OBJ_27 /* Logout */,
				OBJ_30 /* Register */,
			);
			path = Auth;
			sourceTree = "<group>";
		};
		OBJ_21 /* ChangeData */ = {
			isa = PBXGroup;
			children = (
				OBJ_22 /* ChangeDataParseOperation.swift */,
				OBJ_23 /* ChangeDataRequestOperation.swift */,
			);
			path = ChangeData;
			sourceTree = "<group>";
		};
		OBJ_24 /* Login */ = {
			isa = PBXGroup;
			children = (
				OBJ_25 /* LoginParseOperation.swift */,
				OBJ_26 /* LoginRequestOperation.swift */,
			);
			path = Login;
			sourceTree = "<group>";
		};
		OBJ_27 /* Logout */ = {
			isa = PBXGroup;
			children = (
				OBJ_28 /* LogoutParseOperation.swift */,
				OBJ_29 /* LogoutRequestOperation.swift */,
			);
			path = Logout;
			sourceTree = "<group>";
		};
		OBJ_30 /* Register */ = {
			isa = PBXGroup;
			children = (
				OBJ_31 /* RegisterParseOperation.swift */,
				OBJ_32 /* RegisterRequestOperation.swift */,
			);
			path = Register;
			sourceTree = "<group>";
		};
		OBJ_33 /* Basket */ = {
			isa = PBXGroup;
			children = (
				OBJ_34 /* AddProduct */,
				OBJ_37 /* BasketDataOperation.swift */,
				OBJ_38 /* DeleteProduct */,
				OBJ_41 /* GetProducts */,
			);
			path = Basket;
			sourceTree = "<group>";
		};
		OBJ_34 /* AddProduct */ = {
			isa = PBXGroup;
			children = (
				OBJ_35 /* AddProductParseOperation.swift */,
				OBJ_36 /* AddProductRequestOperation.swift */,
			);
			path = AddProduct;
			sourceTree = "<group>";
		};
		OBJ_38 /* DeleteProduct */ = {
			isa = PBXGroup;
			children = (
				OBJ_39 /* DeleteProductParseOperation.swift */,
				OBJ_40 /* DeleteProductRequestOperation.swift */,
			);
			path = DeleteProduct;
			sourceTree = "<group>";
		};
		OBJ_41 /* GetProducts */ = {
			isa = PBXGroup;
			children = (
				OBJ_42 /* GetProductsParse.swift */,
				OBJ_43 /* GetProductsRequest.swift */,
			);
			path = GetProducts;
			sourceTree = "<group>";
		};
		OBJ_44 /* Comments */ = {
			isa = PBXGroup;
			children = (
				OBJ_45 /* AddComment */,
				OBJ_48 /* CommentsDataOperations.swift */,
				OBJ_49 /* DeleteComment */,
				OBJ_52 /* GetAllComments */,
			);
			path = Comments;
			sourceTree = "<group>";
		};
		OBJ_45 /* AddComment */ = {
			isa = PBXGroup;
			children = (
				OBJ_46 /* AddCommentParseOperation.swift */,
				OBJ_47 /* AddCommentRequestOperation.swift */,
			);
			path = AddComment;
			sourceTree = "<group>";
		};
		OBJ_49 /* DeleteComment */ = {
			isa = PBXGroup;
			children = (
				OBJ_50 /* DeleteCommentParseOperation.swift */,
				OBJ_51 /* DeleteCommentRequestOperation.swift */,
			);
			path = DeleteComment;
			sourceTree = "<group>";
		};
		OBJ_5 = {
			isa = PBXGroup;
			children = (
				OBJ_6 /* Package.swift */,
				OBJ_7 /* Sources */,
				OBJ_126 /* Tests */,
				OBJ_135 /* Products */,
				OBJ_139 /* fastlane */,
				OBJ_140 /* README.md */,
				OBJ_141 /* Gemfile */,
				OBJ_142 /* Gemfile.lock */,
			);
			sourceTree = "<group>";
		};
		OBJ_52 /* GetAllComments */ = {
			isa = PBXGroup;
			children = (
				OBJ_53 /* GetAllParseOperation.swift */,
				OBJ_54 /* GetAllRequestOperation.swift */,
			);
			path = GetAllComments;
			sourceTree = "<group>";
		};
		OBJ_55 /* Shop */ = {
			isa = PBXGroup;
			children = (
				OBJ_56 /* LoadDetailInfo */,
				OBJ_59 /* LoadProducts */,
				OBJ_62 /* ShopDataOperations.swift */,
			);
			path = Shop;
			sourceTree = "<group>";
		};
		OBJ_56 /* LoadDetailInfo */ = {
			isa = PBXGroup;
			children = (
				OBJ_57 /* DetailInfoParseOperation.swift */,
				OBJ_58 /* DetailInfoRequestOperation.swift */,
			);
			path = LoadDetailInfo;
			sourceTree = "<group>";
		};
		OBJ_59 /* LoadProducts */ = {
			isa = PBXGroup;
			children = (
				OBJ_60 /* LoadProductParseOperation.swift */,
				OBJ_61 /* LoadProductRequestsOperation.swift */,
			);
			path = LoadProducts;
			sourceTree = "<group>";
		};
		OBJ_63 /* Routers */ = {
			isa = PBXGroup;
			children = (
				OBJ_64 /* AuthRouter.swift */,
				OBJ_65 /* BasketRequestRouter.swift */,
				OBJ_66 /* CommentRouter.swift */,
				OBJ_67 /* ShopRouter.swift */,
			);
			path = Routers;
			sourceTree = "<group>";
		};
		OBJ_68 /* Entity */ = {
			isa = PBXGroup;
			children = (
				OBJ_69 /* AnalyticEvents */,
				OBJ_71 /* RequestModel */,
				OBJ_74 /* ResponseModel */,
			);
			path = Entity;
			sourceTree = "<group>";
		};
		OBJ_69 /* AnalyticEvents */ = {
			isa = PBXGroup;
			children = (
				OBJ_70 /* AnalyticEvents.swift */,
			);
			path = AnalyticEvents;
			sourceTree = "<group>";
		};
		OBJ_7 /* Sources */ = {
			isa = PBXGroup;
			children = (
				OBJ_8 /* TestShopApp */,
			);
			name = Sources;
			sourceTree = SOURCE_ROOT;
		};
		OBJ_71 /* RequestModel */ = {
			isa = PBXGroup;
			children = (
				OBJ_72 /* ChangeUserDataRequest.swift */,
				OBJ_73 /* RegisterRequest.swift */,
			);
			path = RequestModel;
			sourceTree = "<group>";
		};
		OBJ_74 /* ResponseModel */ = {
			isa = PBXGroup;
			children = (
				OBJ_75 /* AddProductResponse.swift */,
				OBJ_76 /* BasketProduct.swift */,
				OBJ_77 /* CommentModel.swift */,
				OBJ_78 /* DeleteProductResponse.swift */,
				OBJ_79 /* LoginResult.swift */,
				OBJ_80 /* ProductResponse.swift */,
			);
			path = ResponseModel;
			sourceTree = "<group>";
		};
		OBJ_8 /* TestShopApp */ = {
			isa = PBXGroup;
			children = (
				OBJ_9 /* App */,
				OBJ_122 /* Core */,
			);
			name = TestShopApp;
			path = Sources/TestShopApp;
			sourceTree = SOURCE_ROOT;
		};
		OBJ_81 /* Flows */ = {
			isa = PBXGroup;
			children = (
				OBJ_82 /* Auth */,
				OBJ_90 /* Basket */,
				OBJ_99 /* Main */,
				OBJ_111 /* Profile */,
				OBJ_117 /* ReusableViews */,
				OBJ_119 /* TabBar */,
			);
			path = Flows;
			sourceTree = "<group>";
		};
		OBJ_82 /* Auth */ = {
			isa = PBXGroup;
			children = (
				OBJ_83 /* AuthAssembly.swift */,
				OBJ_84 /* AuthInteractor.swift */,
				OBJ_85 /* AuthPresenter.swift */,
				OBJ_86 /* AuthProtocols.swift */,
				OBJ_87 /* AuthViewController.swift */,
				OBJ_88 /* Views */,
			);
			path = Auth;
			sourceTree = "<group>";
		};
		OBJ_88 /* Views */ = {
			isa = PBXGroup;
			children = (
				OBJ_89 /* LoginView.swift */,
			);
			path = Views;
			sourceTree = "<group>";
		};
		OBJ_9 /* App */ = {
			isa = PBXGroup;
			children = (
				OBJ_10 /* AppDelegate.swift */,
				OBJ_121 /* SceneDelegate.swift */,
				OBJ_11 /* Assembly */,
				OBJ_13 /* BusinessLogic */,
				OBJ_68 /* Entity */,
				OBJ_81 /* Flows */,
			);
			path = App;
			sourceTree = "<group>";
		};
		OBJ_90 /* Basket */ = {
			isa = PBXGroup;
			children = (
				OBJ_91 /* BasketAssembly.swift */,
				OBJ_92 /* BasketInteractor.swift */,
				OBJ_93 /* BasketPresenter.swift */,
				OBJ_94 /* BasketProtocols.swift */,
				OBJ_95 /* BasketRouter.swift */,
				OBJ_96 /* BasketViewController.swift */,
				OBJ_97 /* Cell */,
			);
			path = Basket;
			sourceTree = "<group>";
		};
		OBJ_97 /* Cell */ = {
			isa = PBXGroup;
			children = (
				OBJ_98 /* BasketProductCell.swift */,
			);
			path = Cell;
			sourceTree = "<group>";
		};
		OBJ_99 /* Main */ = {
			isa = PBXGroup;
			children = (
				OBJ_100 /* Cell */,
				OBJ_102 /* MainAssembly.swift */,
				OBJ_103 /* MainInteractor.swift */,
				OBJ_104 /* MainPresenter.swift */,
				OBJ_105 /* MainProtocols.swift */,
				OBJ_106 /* MainViewController.swift */,
				OBJ_107 /* Views */,
			);
			path = Main;
			sourceTree = "<group>";
		};
/* End PBXGroup section */

/* Begin PBXNativeTarget section */
		"testshopapp::SwiftPMPackageDescription" /* TestShopAppPackageDescription */ = {
			isa = PBXNativeTarget;
			buildConfigurationList = OBJ_225 /* Build configuration list for PBXNativeTarget "TestShopAppPackageDescription" */;
			buildPhases = (
				OBJ_228 /* Sources */,
			);
			buildRules = (
			);
			dependencies = (
			);
			name = TestShopAppPackageDescription;
			productName = TestShopAppPackageDescription;
			productType = "com.apple.product-type.framework";
		};
		"testshopapp::TestShopApp" /* TestShopApp */ = {
			isa = PBXNativeTarget;
			buildConfigurationList = OBJ_144 /* Build configuration list for PBXNativeTarget "TestShopApp" */;
			buildPhases = (
				OBJ_147 /* Sources */,
				OBJ_223 /* Frameworks */,
			);
			buildRules = (
			);
			dependencies = (
			);
			name = TestShopApp;
			packageProductDependencies = (
				6EC95B6D28AFD18B0058301C /* Alamofire */,
				6EC95B7028AFD1EC0058301C /* FirebaseAnalytics */,
				6EC95B7228AFD1EC0058301C /* FirebaseCrashlytics */,
			);
			productName = TestShopApp;
			productReference = "testshopapp::TestShopApp::Product" /* TestShopApp.framework */;
			productType = "com.apple.product-type.framework";
		};
		"testshopapp::TestShopAppTests" /* TestShopAppTests */ = {
			isa = PBXNativeTarget;
			buildConfigurationList = OBJ_238 /* Build configuration list for PBXNativeTarget "TestShopAppTests" */;
			buildPhases = (
				OBJ_241 /* Sources */,
				OBJ_246 /* Frameworks */,
			);
			buildRules = (
			);
			dependencies = (
				OBJ_248 /* PBXTargetDependency */,
			);
			name = TestShopAppTests;
			productName = TestShopAppTests;
			productReference = "testshopapp::TestShopAppTests::Product" /* TestShopAppTests.xctest */;
			productType = "com.apple.product-type.bundle.unit-test";
		};
/* End PBXNativeTarget section */

/* Begin PBXProject section */
		OBJ_1 /* Project object */ = {
			isa = PBXProject;
			attributes = {
				LastSwiftMigration = 9999;
				LastUpgradeCheck = 9999;
			};
			buildConfigurationList = OBJ_2 /* Build configuration list for PBXProject "TestShopApp" */;
			compatibilityVersion = "Xcode 3.2";
			developmentRegion = en;
			hasScannedForEncodings = 0;
			knownRegions = (
				en,
			);
			mainGroup = OBJ_5;
			packageReferences = (
				6EC95B6C28AFD18B0058301C /* XCRemoteSwiftPackageReference "Alamofire" */,
				6EC95B6F28AFD1EC0058301C /* XCRemoteSwiftPackageReference "firebase-ios-sdk" */,
			);
			productRefGroup = OBJ_135 /* Products */;
			projectDirPath = "";
			projectRoot = "";
			targets = (
				"testshopapp::TestShopApp" /* TestShopApp */,
				"testshopapp::SwiftPMPackageDescription" /* TestShopAppPackageDescription */,
				"testshopapp::TestShopAppPackageTests::ProductTarget" /* TestShopAppPackageTests */,
				"testshopapp::TestShopAppTests" /* TestShopAppTests */,
			);
		};
/* End PBXProject section */

/* Begin PBXSourcesBuildPhase section */
		OBJ_147 /* Sources */ = {
			isa = PBXSourcesBuildPhase;
			buildActionMask = 0;
			files = (
				OBJ_148 /* AppDelegate.swift in Sources */,
				OBJ_149 /* DI.swift in Sources */,
				OBJ_150 /* AnalyticReporter.swift in Sources */,
				OBJ_151 /* AuthDataOperation.swift in Sources */,
				OBJ_152 /* ChangeDataParseOperation.swift in Sources */,
				OBJ_153 /* ChangeDataRequestOperation.swift in Sources */,
				OBJ_154 /* LoginParseOperation.swift in Sources */,
				OBJ_155 /* LoginRequestOperation.swift in Sources */,
				OBJ_156 /* LogoutParseOperation.swift in Sources */,
				OBJ_157 /* LogoutRequestOperation.swift in Sources */,
				OBJ_158 /* RegisterParseOperation.swift in Sources */,
				OBJ_159 /* RegisterRequestOperation.swift in Sources */,
				OBJ_160 /* AddProductParseOperation.swift in Sources */,
				OBJ_161 /* AddProductRequestOperation.swift in Sources */,
				OBJ_162 /* BasketDataOperation.swift in Sources */,
				OBJ_163 /* DeleteProductParseOperation.swift in Sources */,
				OBJ_164 /* DeleteProductRequestOperation.swift in Sources */,
				OBJ_165 /* GetProductsParse.swift in Sources */,
				OBJ_166 /* GetProductsRequest.swift in Sources */,
				OBJ_167 /* AddCommentParseOperation.swift in Sources */,
				OBJ_168 /* AddCommentRequestOperation.swift in Sources */,
				OBJ_169 /* CommentsDataOperations.swift in Sources */,
				OBJ_170 /* DeleteCommentParseOperation.swift in Sources */,
				OBJ_171 /* DeleteCommentRequestOperation.swift in Sources */,
				OBJ_172 /* GetAllParseOperation.swift in Sources */,
				OBJ_173 /* GetAllRequestOperation.swift in Sources */,
				OBJ_174 /* DetailInfoParseOperation.swift in Sources */,
				OBJ_175 /* DetailInfoRequestOperation.swift in Sources */,
				OBJ_176 /* LoadProductParseOperation.swift in Sources */,
				OBJ_177 /* LoadProductRequestsOperation.swift in Sources */,
				OBJ_178 /* ShopDataOperations.swift in Sources */,
				OBJ_179 /* AuthRouter.swift in Sources */,
				OBJ_180 /* BasketRequestRouter.swift in Sources */,
				OBJ_181 /* CommentRouter.swift in Sources */,
				OBJ_182 /* ShopRouter.swift in Sources */,
				OBJ_183 /* AnalyticEvents.swift in Sources */,
				OBJ_184 /* ChangeUserDataRequest.swift in Sources */,
				OBJ_185 /* RegisterRequest.swift in Sources */,
				OBJ_186 /* AddProductResponse.swift in Sources */,
				OBJ_187 /* BasketProduct.swift in Sources */,
				OBJ_188 /* CommentModel.swift in Sources */,
				OBJ_189 /* DeleteProductResponse.swift in Sources */,
				OBJ_190 /* LoginResult.swift in Sources */,
				OBJ_191 /* ProductResponse.swift in Sources */,
				OBJ_192 /* AuthAssembly.swift in Sources */,
				OBJ_193 /* AuthInteractor.swift in Sources */,
				OBJ_194 /* AuthPresenter.swift in Sources */,
				OBJ_195 /* AuthProtocols.swift in Sources */,
				OBJ_196 /* AuthViewController.swift in Sources */,
				OBJ_197 /* LoginView.swift in Sources */,
				OBJ_198 /* BasketAssembly.swift in Sources */,
				OBJ_199 /* BasketInteractor.swift in Sources */,
				OBJ_200 /* BasketPresenter.swift in Sources */,
				OBJ_201 /* BasketProtocols.swift in Sources */,
				OBJ_202 /* BasketRouter.swift in Sources */,
				OBJ_203 /* BasketViewController.swift in Sources */,
				OBJ_204 /* BasketProductCell.swift in Sources */,
				OBJ_205 /* MainTableCell.swift in Sources */,
				OBJ_206 /* MainAssembly.swift in Sources */,
				OBJ_207 /* MainInteractor.swift in Sources */,
				OBJ_208 /* MainPresenter.swift in Sources */,
				OBJ_209 /* MainProtocols.swift in Sources */,
				OBJ_210 /* MainViewController.swift in Sources */,
				OBJ_211 /* CommentCell.swift in Sources */,
				OBJ_212 /* DetailInfoProductView.swift in Sources */,
				OBJ_213 /* ProfileAssembly.swift in Sources */,
				OBJ_214 /* ProfileInteractor.swift in Sources */,
				OBJ_215 /* ProfilePresenter.swift in Sources */,
				OBJ_216 /* ProfileProtocols.swift in Sources */,
				OBJ_217 /* ProfileViewController.swift in Sources */,
				OBJ_218 /* ChangeUserDataView.swift in Sources */,
				OBJ_219 /* TabBarViewController.swift in Sources */,
				OBJ_220 /* SceneDelegate.swift in Sources */,
				OBJ_221 /* AddingOperations.swift in Sources */,
				OBJ_222 /* AsyncOperation.swift in Sources */,
			);
			runOnlyForDeploymentPostprocessing = 0;
		};
		OBJ_228 /* Sources */ = {
			isa = PBXSourcesBuildPhase;
			buildActionMask = 0;
			files = (
				OBJ_229 /* Package.swift in Sources */,
			);
			runOnlyForDeploymentPostprocessing = 0;
		};
		OBJ_241 /* Sources */ = {
			isa = PBXSourcesBuildPhase;
			buildActionMask = 0;
			files = (
				OBJ_242 /* AuthRequestsTest.swift in Sources */,
				OBJ_243 /* BasketRequestTest.swift in Sources */,
				OBJ_244 /* CommentsRequestsTest.swift in Sources */,
				OBJ_245 /* ShopRequestTest.swift in Sources */,
			);
			runOnlyForDeploymentPostprocessing = 0;
		};
/* End PBXSourcesBuildPhase section */

/* Begin PBXTargetDependency section */
		OBJ_236 /* PBXTargetDependency */ = {
			isa = PBXTargetDependency;
			target = "testshopapp::TestShopAppTests" /* TestShopAppTests */;
			targetProxy = 6EC95B6B28AFCF7B0058301C /* PBXContainerItemProxy */;
		};
		OBJ_248 /* PBXTargetDependency */ = {
			isa = PBXTargetDependency;
			target = "testshopapp::TestShopApp" /* TestShopApp */;
			targetProxy = 6EC95B6828AFCF790058301C /* PBXContainerItemProxy */;
		};
/* End PBXTargetDependency section */

/* Begin XCBuildConfiguration section */
		OBJ_145 /* Debug */ = {
			isa = XCBuildConfiguration;
			buildSettings = {
				CURRENT_PROJECT_VERSION = 1;
				DRIVERKIT_DEPLOYMENT_TARGET = 19.0;
				ENABLE_TESTABILITY = YES;
				FRAMEWORK_SEARCH_PATHS = (
					"$(inherited)",
					"$(PLATFORM_DIR)/Developer/Library/Frameworks",
				);
				HEADER_SEARCH_PATHS = "$(inherited)";
				INFOPLIST_FILE = TestShopApp.xcodeproj/TestShopApp_Info.plist;
				IPHONEOS_DEPLOYMENT_TARGET = 13.0;
				LD_RUNPATH_SEARCH_PATHS = (
					"$(inherited)",
					"$(TOOLCHAIN_DIR)/usr/lib/swift/macosx",
				);
				MACOSX_DEPLOYMENT_TARGET = 10.10;
				OTHER_CFLAGS = "$(inherited)";
				OTHER_LDFLAGS = "$(inherited)";
				OTHER_SWIFT_FLAGS = "$(inherited)";
				PRODUCT_BUNDLE_IDENTIFIER = TestShopApp;
				PRODUCT_MODULE_NAME = "$(TARGET_NAME:c99extidentifier)";
				PRODUCT_NAME = "$(TARGET_NAME:c99extidentifier)";
				SKIP_INSTALL = YES;
				SWIFT_ACTIVE_COMPILATION_CONDITIONS = "$(inherited)";
				SWIFT_VERSION = 5.0;
				TARGET_NAME = TestShopApp;
				TVOS_DEPLOYMENT_TARGET = 9.0;
				WATCHOS_DEPLOYMENT_TARGET = 2.0;
			};
			name = Debug;
		};
		OBJ_146 /* Release */ = {
			isa = XCBuildConfiguration;
			buildSettings = {
				CURRENT_PROJECT_VERSION = 1;
				DRIVERKIT_DEPLOYMENT_TARGET = 19.0;
				ENABLE_TESTABILITY = YES;
				FRAMEWORK_SEARCH_PATHS = (
					"$(inherited)",
					"$(PLATFORM_DIR)/Developer/Library/Frameworks",
				);
				HEADER_SEARCH_PATHS = "$(inherited)";
				INFOPLIST_FILE = TestShopApp.xcodeproj/TestShopApp_Info.plist;
				IPHONEOS_DEPLOYMENT_TARGET = 13.0;
				LD_RUNPATH_SEARCH_PATHS = (
					"$(inherited)",
					"$(TOOLCHAIN_DIR)/usr/lib/swift/macosx",
				);
				MACOSX_DEPLOYMENT_TARGET = 10.10;
				OTHER_CFLAGS = "$(inherited)";
				OTHER_LDFLAGS = "$(inherited)";
				OTHER_SWIFT_FLAGS = "$(inherited)";
				PRODUCT_BUNDLE_IDENTIFIER = TestShopApp;
				PRODUCT_MODULE_NAME = "$(TARGET_NAME:c99extidentifier)";
				PRODUCT_NAME = "$(TARGET_NAME:c99extidentifier)";
				SKIP_INSTALL = YES;
				SWIFT_ACTIVE_COMPILATION_CONDITIONS = "$(inherited)";
				SWIFT_VERSION = 5.0;
				TARGET_NAME = TestShopApp;
				TVOS_DEPLOYMENT_TARGET = 9.0;
				WATCHOS_DEPLOYMENT_TARGET = 2.0;
			};
			name = Release;
		};
		OBJ_226 /* Debug */ = {
			isa = XCBuildConfiguration;
			buildSettings = {
				LD = /usr/bin/true;
				OTHER_SWIFT_FLAGS = "-swift-version 5 -I $(TOOLCHAIN_DIR)/usr/lib/swift/pm/ManifestAPI -sdk /Applications/Xcode.app/Contents/Developer/Platforms/MacOSX.platform/Developer/SDKs/MacOSX12.3.sdk -package-description-version 5.5.0";
				SWIFT_VERSION = 5.0;
			};
			name = Debug;
		};
		OBJ_227 /* Release */ = {
			isa = XCBuildConfiguration;
			buildSettings = {
				LD = /usr/bin/true;
				OTHER_SWIFT_FLAGS = "-swift-version 5 -I $(TOOLCHAIN_DIR)/usr/lib/swift/pm/ManifestAPI -sdk /Applications/Xcode.app/Contents/Developer/Platforms/MacOSX.platform/Developer/SDKs/MacOSX12.3.sdk -package-description-version 5.5.0";
				SWIFT_VERSION = 5.0;
			};
			name = Release;
		};
		OBJ_232 /* Debug */ = {
			isa = XCBuildConfiguration;
			buildSettings = {
			};
			name = Debug;
		};
		OBJ_233 /* Release */ = {
			isa = XCBuildConfiguration;
			buildSettings = {
			};
			name = Release;
		};
		OBJ_239 /* Debug */ = {
			isa = XCBuildConfiguration;
			buildSettings = {
				CLANG_ENABLE_MODULES = YES;
				CURRENT_PROJECT_VERSION = 1;
				DRIVERKIT_DEPLOYMENT_TARGET = 19.0;
				EMBEDDED_CONTENT_CONTAINS_SWIFT = YES;
				FRAMEWORK_SEARCH_PATHS = (
					"$(inherited)",
					"$(PLATFORM_DIR)/Developer/Library/Frameworks",
				);
				HEADER_SEARCH_PATHS = "$(inherited)";
				INFOPLIST_FILE = TestShopApp.xcodeproj/TestShopAppTests_Info.plist;
				IPHONEOS_DEPLOYMENT_TARGET = 14.0;
				LD_RUNPATH_SEARCH_PATHS = (
					"$(inherited)",
					"@loader_path/../Frameworks",
					"@loader_path/Frameworks",
				);
				MACOSX_DEPLOYMENT_TARGET = 11.0;
				OTHER_CFLAGS = "$(inherited)";
				OTHER_LDFLAGS = "$(inherited)";
				OTHER_SWIFT_FLAGS = "$(inherited)";
				SWIFT_ACTIVE_COMPILATION_CONDITIONS = "$(inherited)";
				SWIFT_VERSION = 5.0;
				TARGET_NAME = TestShopAppTests;
				TVOS_DEPLOYMENT_TARGET = 14.0;
				WATCHOS_DEPLOYMENT_TARGET = 7.0;
			};
			name = Debug;
		};
		OBJ_240 /* Release */ = {
			isa = XCBuildConfiguration;
			buildSettings = {
				CLANG_ENABLE_MODULES = YES;
				CURRENT_PROJECT_VERSION = 1;
				DRIVERKIT_DEPLOYMENT_TARGET = 19.0;
				EMBEDDED_CONTENT_CONTAINS_SWIFT = YES;
				FRAMEWORK_SEARCH_PATHS = (
					"$(inherited)",
					"$(PLATFORM_DIR)/Developer/Library/Frameworks",
				);
				HEADER_SEARCH_PATHS = "$(inherited)";
				INFOPLIST_FILE = TestShopApp.xcodeproj/TestShopAppTests_Info.plist;
				IPHONEOS_DEPLOYMENT_TARGET = 14.0;
				LD_RUNPATH_SEARCH_PATHS = (
					"$(inherited)",
					"@loader_path/../Frameworks",
					"@loader_path/Frameworks",
				);
				MACOSX_DEPLOYMENT_TARGET = 11.0;
				OTHER_CFLAGS = "$(inherited)";
				OTHER_LDFLAGS = "$(inherited)";
				OTHER_SWIFT_FLAGS = "$(inherited)";
				SWIFT_ACTIVE_COMPILATION_CONDITIONS = "$(inherited)";
				SWIFT_VERSION = 5.0;
				TARGET_NAME = TestShopAppTests;
				TVOS_DEPLOYMENT_TARGET = 14.0;
				WATCHOS_DEPLOYMENT_TARGET = 7.0;
			};
			name = Release;
		};
		OBJ_3 /* Debug */ = {
			isa = XCBuildConfiguration;
			buildSettings = {
				CLANG_ENABLE_OBJC_ARC = YES;
				COMBINE_HIDPI_IMAGES = YES;
				COPY_PHASE_STRIP = NO;
				DEBUG_INFORMATION_FORMAT = "dwarf-with-dsym";
				DYLIB_INSTALL_NAME_BASE = "@rpath";
				ENABLE_NS_ASSERTIONS = YES;
				GCC_OPTIMIZATION_LEVEL = 0;
				GCC_PREPROCESSOR_DEFINITIONS = (
					"$(inherited)",
					"SWIFT_PACKAGE=1",
					"DEBUG=1",
				);
				IPHONEOS_DEPLOYMENT_TARGET = 15.0;
				MACOSX_DEPLOYMENT_TARGET = 12.0;
				ONLY_ACTIVE_ARCH = YES;
				OTHER_SWIFT_FLAGS = "$(inherited) -DXcode";
				PRODUCT_NAME = "$(TARGET_NAME)";
				SDKROOT = iphoneos;
				SUPPORTED_PLATFORMS = "iphonesimulator iphoneos";
				SUPPORTS_MACCATALYST = YES;
				SWIFT_ACTIVE_COMPILATION_CONDITIONS = "$(inherited) SWIFT_PACKAGE DEBUG";
				SWIFT_OPTIMIZATION_LEVEL = "-Onone";
				USE_HEADERMAP = NO;
			};
			name = Debug;
		};
		OBJ_4 /* Release */ = {
			isa = XCBuildConfiguration;
			buildSettings = {
				CLANG_ENABLE_OBJC_ARC = YES;
				COMBINE_HIDPI_IMAGES = YES;
				COPY_PHASE_STRIP = YES;
				DEBUG_INFORMATION_FORMAT = "dwarf-with-dsym";
				DYLIB_INSTALL_NAME_BASE = "@rpath";
				GCC_OPTIMIZATION_LEVEL = s;
				GCC_PREPROCESSOR_DEFINITIONS = (
					"$(inherited)",
					"SWIFT_PACKAGE=1",
				);
				IPHONEOS_DEPLOYMENT_TARGET = 15.0;
				MACOSX_DEPLOYMENT_TARGET = 12.0;
				OTHER_SWIFT_FLAGS = "$(inherited) -DXcode";
				PRODUCT_NAME = "$(TARGET_NAME)";
				SDKROOT = iphoneos;
				SUPPORTED_PLATFORMS = "iphonesimulator iphoneos";
				SUPPORTS_MACCATALYST = YES;
				SWIFT_ACTIVE_COMPILATION_CONDITIONS = "$(inherited) SWIFT_PACKAGE";
				SWIFT_COMPILATION_MODE = wholemodule;
				SWIFT_OPTIMIZATION_LEVEL = "-O";
				USE_HEADERMAP = NO;
			};
			name = Release;
		};
/* End XCBuildConfiguration section */

/* Begin XCConfigurationList section */
		OBJ_144 /* Build configuration list for PBXNativeTarget "TestShopApp" */ = {
			isa = XCConfigurationList;
			buildConfigurations = (
				OBJ_145 /* Debug */,
				OBJ_146 /* Release */,
			);
			defaultConfigurationIsVisible = 0;
			defaultConfigurationName = Release;
		};
		OBJ_2 /* Build configuration list for PBXProject "TestShopApp" */ = {
			isa = XCConfigurationList;
			buildConfigurations = (
				OBJ_3 /* Debug */,
				OBJ_4 /* Release */,
			);
			defaultConfigurationIsVisible = 0;
			defaultConfigurationName = Release;
		};
		OBJ_225 /* Build configuration list for PBXNativeTarget "TestShopAppPackageDescription" */ = {
			isa = XCConfigurationList;
			buildConfigurations = (
				OBJ_226 /* Debug */,
				OBJ_227 /* Release */,
			);
			defaultConfigurationIsVisible = 0;
			defaultConfigurationName = Release;
		};
		OBJ_231 /* Build configuration list for PBXAggregateTarget "TestShopAppPackageTests" */ = {
			isa = XCConfigurationList;
			buildConfigurations = (
				OBJ_232 /* Debug */,
				OBJ_233 /* Release */,
			);
			defaultConfigurationIsVisible = 0;
			defaultConfigurationName = Release;
		};
		OBJ_238 /* Build configuration list for PBXNativeTarget "TestShopAppTests" */ = {
			isa = XCConfigurationList;
			buildConfigurations = (
				OBJ_239 /* Debug */,
				OBJ_240 /* Release */,
			);
			defaultConfigurationIsVisible = 0;
			defaultConfigurationName = Release;
		};
/* End XCConfigurationList section */

/* Begin XCRemoteSwiftPackageReference section */
		6EC95B6C28AFD18B0058301C /* XCRemoteSwiftPackageReference "Alamofire" */ = {
			isa = XCRemoteSwiftPackageReference;
			repositoryURL = "https://github.com/Alamofire/Alamofire.git";
			requirement = {
				kind = upToNextMajorVersion;
				minimumVersion = 5.0.0;
			};
		};
		6EC95B6F28AFD1EC0058301C /* XCRemoteSwiftPackageReference "firebase-ios-sdk" */ = {
			isa = XCRemoteSwiftPackageReference;
			repositoryURL = "https://github.com/firebase/firebase-ios-sdk.git";
			requirement = {
				kind = upToNextMajorVersion;
				minimumVersion = 9.0.0;
			};
		};
/* End XCRemoteSwiftPackageReference section */

/* Begin XCSwiftPackageProductDependency section */
		6EC95B6D28AFD18B0058301C /* Alamofire */ = {
			isa = XCSwiftPackageProductDependency;
			package = 6EC95B6C28AFD18B0058301C /* XCRemoteSwiftPackageReference "Alamofire" */;
			productName = Alamofire;
		};
		6EC95B7028AFD1EC0058301C /* FirebaseAnalytics */ = {
			isa = XCSwiftPackageProductDependency;
			package = 6EC95B6F28AFD1EC0058301C /* XCRemoteSwiftPackageReference "firebase-ios-sdk" */;
			productName = FirebaseAnalytics;
		};
		6EC95B7228AFD1EC0058301C /* FirebaseCrashlytics */ = {
			isa = XCSwiftPackageProductDependency;
			package = 6EC95B6F28AFD1EC0058301C /* XCRemoteSwiftPackageReference "firebase-ios-sdk" */;
			productName = FirebaseCrashlytics;
		};
/* End XCSwiftPackageProductDependency section */
	};
	rootObject = OBJ_1 /* Project object */;
}
